// !$*UTF8*$!
{
	archiveVersion = 1;
	classes = {};
	objectVersion = 56;
	objects = {
/* Begin PBXBuildFile section */
		6C0C47BE2F11E1A8B9B33E72 /* RoofTraceApp.swift in Sources */ = {isa = PBXBuildFile; fileRef = 6564762213BFC017744981BD /* RoofTraceApp.swift */; };
		53DF5BC1AB6F1ED315C7B9E1 /* AppConfig.swift in Sources */ = {isa = PBXBuildFile; fileRef = 1967A04F22302578735D9A75 /* AppConfig.swift */; };
		CF324BB568B2150D980E4A43 /* CaptureSessionManifest.swift in Sources */ = {isa = PBXBuildFile; fileRef = 42C8C871B35E325B6DFAED7A /* CaptureSessionManifest.swift */; };
		0F185EDFB499214010A4BB09 /* CaptureSessionState.swift in Sources */ = {isa = PBXBuildFile; fileRef = 3740EDC36EE13804BF021D25 /* CaptureSessionState.swift */; };
		C3C309444C27ABCA5D180D20 /* MatrixSerializer.swift in Sources */ = {isa = PBXBuildFile; fileRef = E4E596A0708CE57409959CFB /* MatrixSerializer.swift */; };
		7020023D7F32CD4D7F7A1FE7 /* PromptLibrary.swift in Sources */ = {isa = PBXBuildFile; fileRef = AB36C4710DFE602902BFD62B /* PromptLibrary.swift */; };
		500D8E376AAEFD69A7FA8B44 /* ARSessionManager.swift in Sources */ = {isa = PBXBuildFile; fileRef = D096C3A0D34E885FEE5943D3 /* ARSessionManager.swift */; };
		906FF8F6182F944B524E166A /* BundleArchiver.swift in Sources */ = {isa = PBXBuildFile; fileRef = EE10FF40058E5FC8B955E18B /* BundleArchiver.swift */; };
		F32777A446EB04AA963B7B98 /* DepthMapEncoder.swift in Sources */ = {isa = PBXBuildFile; fileRef = 9A87396C862616F8D1670F9C /* DepthMapEncoder.swift */; };
		F6D493F2BCCD5F5CA0920FF2 /* GPSProvider.swift in Sources */ = {isa = PBXBuildFile; fileRef = A24EAF2AD51B7BD29556619A /* GPSProvider.swift */; };
		B9C2205C4FEB5C19E3E6E94A /* MeshExporter.swift in Sources */ = {isa = PBXBuildFile; fileRef = 8A3EA9C6F23405F0A45FFF64 /* MeshExporter.swift */; };
		207C19DE14214E1B1E9EFD80 /* MultipartUploader.swift in Sources */ = {isa = PBXBuildFile; fileRef = FA5EB752ACDECFDF1E876A9C /* MultipartUploader.swift */; };
		BC8F24534E57F437CFD19F27 /* TokenValidator.swift in Sources */ = {isa = PBXBuildFile; fileRef = E3CBAC94A50C8D7DF1A011E3 /* TokenValidator.swift */; };
		F9F10D40C4FC8ABCE48C0608 /* CaptureViewModel.swift in Sources */ = {isa = PBXBuildFile; fileRef = BC8BFBEAC61C2BF4FC857DA1 /* CaptureViewModel.swift */; };
		6213CD3168F9A35728622302 /* CapturePromptView.swift in Sources */ = {isa = PBXBuildFile; fileRef = 97A7C1F20955910D8C94B701 /* CapturePromptView.swift */; };
		5A126A13AB1BF5E7CDA772AA /* SetupCheckView.swift in Sources */ = {isa = PBXBuildFile; fileRef = A3481889A124A5FA664C727D /* SetupCheckView.swift */; };
		41C031D892E77B096F133448 /* TokenEntryView.swift in Sources */ = {isa = PBXBuildFile; fileRef = 2CE0DA7469E5C4ECEE83257D /* TokenEntryView.swift */; };
		0A74D7B13A5483968E7B520E /* UploadProgressView.swift in Sources */ = {isa = PBXBuildFile; fileRef = A3281F0E007D3390DD41DA83 /* UploadProgressView.swift */; };
		18975CED0EA48DD0F2B09709 /* BundleArchiverTests.swift in Sources */ = {isa = PBXBuildFile; fileRef = 4F90905F3C4CFD214096474C /* BundleArchiverTests.swift */; };
		881372AA4526CF6039B0FAA5 /* CaptureSessionStateTests.swift in Sources */ = {isa = PBXBuildFile; fileRef = A0259D57A11D8D8F29FE20AA /* CaptureSessionStateTests.swift */; };
		885E6D6911AA08719783C1B0 /* DepthMapEncoderTests.swift in Sources */ = {isa = PBXBuildFile; fileRef = E1081AFE93814D54E8D32DFF /* DepthMapEncoderTests.swift */; };
		804BF0DDCA65D749689B08FA /* FixtureParseTests.swift in Sources */ = {isa = PBXBuildFile; fileRef = FFD76BEA3FD5966CB4912C3F /* FixtureParseTests.swift */; };
		91AF5C5D73B6D284406E54DA /* ManifestSerializationTests.swift in Sources */ = {isa = PBXBuildFile; fileRef = B597D90D54C7656DD9627A07 /* ManifestSerializationTests.swift */; };
		8961C8144F0E087701A7094E /* MatrixSerializerTests.swift in Sources */ = {isa = PBXBuildFile; fileRef = DEC4D47368B7663909B98A0D /* MatrixSerializerTests.swift */; };
		8864685FFDB33D66131EA1E2 /* MultipartEncoderTests.swift in Sources */ = {isa = PBXBuildFile; fileRef = AFEE14CA4CEA134F6844E9E2 /* MultipartEncoderTests.swift */; };
		0FC25AF2505E10B5852BBCD3 /* TokenValidationTests.swift in Sources */ = {isa = PBXBuildFile; fileRef = 0FE553C7B2935E72D77AFBD9 /* TokenValidationTests.swift */; };
		26CDD08516EB7038B331C2BC /* UploadRetryTests.swift in Sources */ = {isa = PBXBuildFile; fileRef = 46C90A1BED78E6565E73F71E /* UploadRetryTests.swift */; };
		0C96F35CD56866637D12F123 /* session.json in Resources */ = {isa = PBXBuildFile; fileRef = 80394984718151D834701B72 /* session.json */; };
/* End PBXBuildFile section */
/* Begin PBXContainerItemProxy section */
		D0A96A15E1CA7ACF5A1EB5AF /* PBXContainerItemProxy */ = {
			isa = PBXContainerItemProxy;
			containerPortal = B25CF16007ABAFF9D21D5A6C /* Project object */;
			proxyType = 1;
			remoteGlobalIDString = 29C7B681C8D62CBAC94D51C0;
			remoteInfo = RoofTrace;
		};
/* End PBXContainerItemProxy section */
/* Begin PBXFileReference section */
		6564762213BFC017744981BD /* RoofTraceApp.swift */ = {isa = PBXFileReference; lastKnownFileType = sourcecode.swift; path = "App/RoofTraceApp.swift"; sourceTree = "<group>"; };
		1967A04F22302578735D9A75 /* AppConfig.swift */ = {isa = PBXFileReference; lastKnownFileType = sourcecode.swift; path = "Config/AppConfig.swift"; sourceTree = "<group>"; };
		42C8C871B35E325B6DFAED7A /* CaptureSessionManifest.swift */ = {isa = PBXFileReference; lastKnownFileType = sourcecode.swift; path = "Models/CaptureSessionManifest.swift"; sourceTree = "<group>"; };
		3740EDC36EE13804BF021D25 /* CaptureSessionState.swift */ = {isa = PBXFileReference; lastKnownFileType = sourcecode.swift; path = "Models/CaptureSessionState.swift"; sourceTree = "<group>"; };
		E4E596A0708CE57409959CFB /* MatrixSerializer.swift */ = {isa = PBXFileReference; lastKnownFileType = sourcecode.swift; path = "Models/MatrixSerializer.swift"; sourceTree = "<group>"; };
		AB36C4710DFE602902BFD62B /* PromptLibrary.swift */ = {isa = PBXFileReference; lastKnownFileType = sourcecode.swift; path = "Models/PromptLibrary.swift"; sourceTree = "<group>"; };
		D096C3A0D34E885FEE5943D3 /* ARSessionManager.swift */ = {isa = PBXFileReference; lastKnownFileType = sourcecode.swift; path = "Services/ARSessionManager.swift"; sourceTree = "<group>"; };
		EE10FF40058E5FC8B955E18B /* BundleArchiver.swift */ = {isa = PBXFileReference; lastKnownFileType = sourcecode.swift; path = "Services/BundleArchiver.swift"; sourceTree = "<group>"; };
		9A87396C862616F8D1670F9C /* DepthMapEncoder.swift */ = {isa = PBXFileReference; lastKnownFileType = sourcecode.swift; path = "Services/DepthMapEncoder.swift"; sourceTree = "<group>"; };
		A24EAF2AD51B7BD29556619A /* GPSProvider.swift */ = {isa = PBXFileReference; lastKnownFileType = sourcecode.swift; path = "Services/GPSProvider.swift"; sourceTree = "<group>"; };
		8A3EA9C6F23405F0A45FFF64 /* MeshExporter.swift */ = {isa = PBXFileReference; lastKnownFileType = sourcecode.swift; path = "Services/MeshExporter.swift"; sourceTree = "<group>"; };
		FA5EB752ACDECFDF1E876A9C /* MultipartUploader.swift */ = {isa = PBXFileReference; lastKnownFileType = sourcecode.swift; path = "Services/MultipartUploader.swift"; sourceTree = "<group>"; };
		E3CBAC94A50C8D7DF1A011E3 /* TokenValidator.swift */ = {isa = PBXFileReference; lastKnownFileType = sourcecode.swift; path = "Services/TokenValidator.swift"; sourceTree = "<group>"; };
		BC8BFBEAC61C2BF4FC857DA1 /* CaptureViewModel.swift */ = {isa = PBXFileReference; lastKnownFileType = sourcecode.swift; path = "ViewModels/CaptureViewModel.swift"; sourceTree = "<group>"; };
		97A7C1F20955910D8C94B701 /* CapturePromptView.swift */ = {isa = PBXFileReference; lastKnownFileType = sourcecode.swift; path = "Views/CapturePromptView.swift"; sourceTree = "<group>"; };
		A3481889A124A5FA664C727D /* SetupCheckView.swift */ = {isa = PBXFileReference; lastKnownFileType = sourcecode.swift; path = "Views/SetupCheckView.swift"; sourceTree = "<group>"; };
		2CE0DA7469E5C4ECEE83257D /* TokenEntryView.swift */ = {isa = PBXFileReference; lastKnownFileType = sourcecode.swift; path = "Views/TokenEntryView.swift"; sourceTree = "<group>"; };
		A3281F0E007D3390DD41DA83 /* UploadProgressView.swift */ = {isa = PBXFileReference; lastKnownFileType = sourcecode.swift; path = "Views/UploadProgressView.swift"; sourceTree = "<group>"; };
		4F90905F3C4CFD214096474C /* BundleArchiverTests.swift */ = {isa = PBXFileReference; lastKnownFileType = sourcecode.swift; path = "BundleArchiverTests.swift"; sourceTree = "<group>"; };
		A0259D57A11D8D8F29FE20AA /* CaptureSessionStateTests.swift */ = {isa = PBXFileReference; lastKnownFileType = sourcecode.swift; path = "CaptureSessionStateTests.swift"; sourceTree = "<group>"; };
		E1081AFE93814D54E8D32DFF /* DepthMapEncoderTests.swift */ = {isa = PBXFileReference; lastKnownFileType = sourcecode.swift; path = "DepthMapEncoderTests.swift"; sourceTree = "<group>"; };
		FFD76BEA3FD5966CB4912C3F /* FixtureParseTests.swift */ = {isa = PBXFileReference; lastKnownFileType = sourcecode.swift; path = "FixtureParseTests.swift"; sourceTree = "<group>"; };
		B597D90D54C7656DD9627A07 /* ManifestSerializationTests.swift */ = {isa = PBXFileReference; lastKnownFileType = sourcecode.swift; path = "ManifestSerializationTests.swift"; sourceTree = "<group>"; };
		DEC4D47368B7663909B98A0D /* MatrixSerializerTests.swift */ = {isa = PBXFileReference; lastKnownFileType = sourcecode.swift; path = "MatrixSerializerTests.swift"; sourceTree = "<group>"; };
		AFEE14CA4CEA134F6844E9E2 /* MultipartEncoderTests.swift */ = {isa = PBXFileReference; lastKnownFileType = sourcecode.swift; path = "MultipartEncoderTests.swift"; sourceTree = "<group>"; };
		0FE553C7B2935E72D77AFBD9 /* TokenValidationTests.swift */ = {isa = PBXFileReference; lastKnownFileType = sourcecode.swift; path = "TokenValidationTests.swift"; sourceTree = "<group>"; };
		46C90A1BED78E6565E73F71E /* UploadRetryTests.swift */ = {isa = PBXFileReference; lastKnownFileType = sourcecode.swift; path = "UploadRetryTests.swift"; sourceTree = "<group>"; };
		80394984718151D834701B72 /* session.json */ = {isa = PBXFileReference; lastKnownFileType = text.json; name = "session.json"; path = "../spec/fixtures/ios_sessions/synthetic_house/session.json"; sourceTree = SOURCE_ROOT; };
		160DE646BDD97EA380B2C763 /* Debug.xcconfig */ = {isa = PBXFileReference; lastKnownFileType = text.xcconfig; path = "Config/Debug.xcconfig"; sourceTree = "<group>"; };
		59C6FCE456D3F882DB353970 /* Release.xcconfig */ = {isa = PBXFileReference; lastKnownFileType = text.xcconfig; path = "Config/Release.xcconfig"; sourceTree = "<group>"; };
		EF54FF77A9760B8DFF640C90 /* Info.plist */ = {isa = PBXFileReference; lastKnownFileType = text.plist.xml; path = "Info.plist"; sourceTree = "<group>"; };
		B6CDB6E5D160E013280D3C68 /* RoofTrace.app */ = {isa = PBXFileReference; explicitFileType = wrapper.application; includeInIndex = 0; path = "RoofTrace.app"; sourceTree = BUILT_PRODUCTS_DIR; };
		A8D8270AA6DB8732282C9541 /* RoofTraceTests.xctest */ = {isa = PBXFileReference; explicitFileType = wrapper.cfbundle; includeInIndex = 0; path = "RoofTraceTests.xctest"; sourceTree = BUILT_PRODUCTS_DIR; };
/* End PBXFileReference section */
/* Begin PBXFrameworksBuildPhase section */
		93BB4C6412215F1E47C9FB18 /* Frameworks */ = {
			isa = PBXFrameworksBuildPhase;
			buildActionMask = 2147483647;
			files = (
			);
			runOnlyForDeploymentPostprocessing = 0;
		};
		749BDA757C8CFB9199930391 /* Frameworks */ = {
			isa = PBXFrameworksBuildPhase;
			buildActionMask = 2147483647;
			files = (
			);
			runOnlyForDeploymentPostprocessing = 0;
		};
/* End PBXFrameworksBuildPhase section */
/* Begin PBXGroup section */
		ADCF10F76EBF2A74473E9DC4 = {
			isa = PBXGroup;
			children = (
				CF8D0BD4B75E8C2C174692A5 /* RoofTrace */,
				EEFE21A1443933CA4DE017DA /* RoofTraceTests */,
				00C45FD35CB0F9C5F764F070 /* Products */,
			);
			sourceTree = "<group>";
		};
		00C45FD35CB0F9C5F764F070 /* Products */ = {
			isa = PBXGroup;
			children = (
				B6CDB6E5D160E013280D3C68 /* RoofTrace.app */,
				A8D8270AA6DB8732282C9541 /* RoofTraceTests.xctest */,
			);
			name = Products;
			sourceTree = "<group>";
		};
		CF8D0BD4B75E8C2C174692A5 /* RoofTrace */ = {
			isa = PBXGroup;
			children = (
				6564762213BFC017744981BD /* RoofTraceApp.swift */,
				1967A04F22302578735D9A75 /* AppConfig.swift */,
				42C8C871B35E325B6DFAED7A /* CaptureSessionManifest.swift */,
				3740EDC36EE13804BF021D25 /* CaptureSessionState.swift */,
				E4E596A0708CE57409959CFB /* MatrixSerializer.swift */,
				AB36C4710DFE602902BFD62B /* PromptLibrary.swift */,
				D096C3A0D34E885FEE5943D3 /* ARSessionManager.swift */,
				EE10FF40058E5FC8B955E18B /* BundleArchiver.swift */,
				9A87396C862616F8D1670F9C /* DepthMapEncoder.swift */,
				A24EAF2AD51B7BD29556619A /* GPSProvider.swift */,
				8A3EA9C6F23405F0A45FFF64 /* MeshExporter.swift */,
				FA5EB752ACDECFDF1E876A9C /* MultipartUploader.swift */,
				E3CBAC94A50C8D7DF1A011E3 /* TokenValidator.swift */,
				BC8BFBEAC61C2BF4FC857DA1 /* CaptureViewModel.swift */,
				97A7C1F20955910D8C94B701 /* CapturePromptView.swift */,
				A3481889A124A5FA664C727D /* SetupCheckView.swift */,
				2CE0DA7469E5C4ECEE83257D /* TokenEntryView.swift */,
				A3281F0E007D3390DD41DA83 /* UploadProgressView.swift */,
				160DE646BDD97EA380B2C763 /* Debug.xcconfig */,
				59C6FCE456D3F882DB353970 /* Release.xcconfig */,
				EF54FF77A9760B8DFF640C90 /* Info.plist */,
			);
			path = RoofTrace;
			sourceTree = "<group>";
		};
		EEFE21A1443933CA4DE017DA /* RoofTraceTests */ = {
			isa = PBXGroup;
			children = (
				4F90905F3C4CFD214096474C /* BundleArchiverTests.swift */,
				A0259D57A11D8D8F29FE20AA /* CaptureSessionStateTests.swift */,
				E1081AFE93814D54E8D32DFF /* DepthMapEncoderTests.swift */,
				FFD76BEA3FD5966CB4912C3F /* FixtureParseTests.swift */,
				B597D90D54C7656DD9627A07 /* ManifestSerializationTests.swift */,
				DEC4D47368B7663909B98A0D /* MatrixSerializerTests.swift */,
				AFEE14CA4CEA134F6844E9E2 /* MultipartEncoderTests.swift */,
				0FE553C7B2935E72D77AFBD9 /* TokenValidationTests.swift */,
				46C90A1BED78E6565E73F71E /* UploadRetryTests.swift */,
				80394984718151D834701B72 /* session.json */,
			);
			path = RoofTraceTests;
			sourceTree = "<group>";
		};
/* End PBXGroup section */
/* Begin PBXNativeTarget section */
		29C7B681C8D62CBAC94D51C0 /* RoofTrace */ = {
			isa = PBXNativeTarget;
			buildConfigurationList = AAAA7B42D5EEFC8ECE2F2B07 /* Build configuration list for PBXNativeTarget "RoofTrace" */;
			buildPhases = (
				36E4C60F34CB2466DC6BDA58 /* Sources */,
				93BB4C6412215F1E47C9FB18 /* Frameworks */,
				F65287315DC30187C4D14ABF /* Resources */,
			);
			buildRules = ();
			dependencies = ();
			name = RoofTrace;
			productName = RoofTrace;
			productReference = B6CDB6E5D160E013280D3C68 /* RoofTrace.app */;
			productType = "com.apple.product-type.application";
		};
		EA5815D3D83100CE3F564964 /* RoofTraceTests */ = {
			isa = PBXNativeTarget;
			buildConfigurationList = 92113AF3C8203317D84EE983 /* Build configuration list for PBXNativeTarget "RoofTraceTests" */;
			buildPhases = (
				2C102E8CF22B4EC8FACE2839 /* Sources */,
				749BDA757C8CFB9199930391 /* Frameworks */,
				EEBC67677E855552E750A5DD /* Resources */,
			);
			buildRules = ();
			dependencies = (
				2D53F397389A36F72120AC20 /* PBXTargetDependency */,
			);
			name = RoofTraceTests;
			productName = RoofTraceTests;
			productReference = A8D8270AA6DB8732282C9541 /* RoofTraceTests.xctest */;
			productType = "com.apple.product-type.bundle.unit-test";
		};
/* End PBXNativeTarget section */
/* Begin PBXProject section */
		B25CF16007ABAFF9D21D5A6C /* Project object */ = {
			isa = PBXProject;
			attributes = {
				LastSwiftUpdateCheck = 1600;
				LastUpgradeCheck = 1600;
				TargetAttributes = {
					29C7B681C8D62CBAC94D51C0 = {CreatedOnToolsVersion = 16.0;};
					EA5815D3D83100CE3F564964 = {CreatedOnToolsVersion = 16.0; TestTargetID = 29C7B681C8D62CBAC94D51C0;};
				};
			};
			buildConfigurationList = 9E86DAD1364ACE366C2567F2 /* Build configuration list for PBXProject "RoofTrace" */;
			compatibilityVersion = "Xcode 14.0";
			developmentRegion = en;
			hasScannedForEncodings = 0;
			knownRegions = (en, Base);
			mainGroup = ADCF10F76EBF2A74473E9DC4;
			productRefGroup = 00C45FD35CB0F9C5F764F070 /* Products */;
			projectDirPath = "";
			projectRoot = "";
			targets = (
				29C7B681C8D62CBAC94D51C0 /* RoofTrace */,
				EA5815D3D83100CE3F564964 /* RoofTraceTests */,
			);
		};
/* End PBXProject section */
/* Begin PBXResourcesBuildPhase section */
		F65287315DC30187C4D14ABF /* Resources */ = {
			isa = PBXResourcesBuildPhase;
			buildActionMask = 2147483647;
			files = ();
			runOnlyForDeploymentPostprocessing = 0;
		};
		EEBC67677E855552E750A5DD /* Resources */ = {
			isa = PBXResourcesBuildPhase;
			buildActionMask = 2147483647;
			files = (
				0C96F35CD56866637D12F123 /* session.json in Resources */,
			);
			runOnlyForDeploymentPostprocessing = 0;
		};
/* End PBXResourcesBuildPhase section */
/* Begin PBXSourcesBuildPhase section */
		36E4C60F34CB2466DC6BDA58 /* Sources */ = {
			isa = PBXSourcesBuildPhase;
			buildActionMask = 2147483647;
			files = (
				6C0C47BE2F11E1A8B9B33E72 /* RoofTraceApp.swift in Sources */,
				53DF5BC1AB6F1ED315C7B9E1 /* AppConfig.swift in Sources */,
				CF324BB568B2150D980E4A43 /* CaptureSessionManifest.swift in Sources */,
				0F185EDFB499214010A4BB09 /* CaptureSessionState.swift in Sources */,
				C3C309444C27ABCA5D180D20 /* MatrixSerializer.swift in Sources */,
				7020023D7F32CD4D7F7A1FE7 /* PromptLibrary.swift in Sources */,
				500D8E376AAEFD69A7FA8B44 /* ARSessionManager.swift in Sources */,
				906FF8F6182F944B524E166A /* BundleArchiver.swift in Sources */,
				F32777A446EB04AA963B7B98 /* DepthMapEncoder.swift in Sources */,
				F6D493F2BCCD5F5CA0920FF2 /* GPSProvider.swift in Sources */,
				B9C2205C4FEB5C19E3E6E94A /* MeshExporter.swift in Sources */,
				207C19DE14214E1B1E9EFD80 /* MultipartUploader.swift in Sources */,
				BC8F24534E57F437CFD19F27 /* TokenValidator.swift in Sources */,
				F9F10D40C4FC8ABCE48C0608 /* CaptureViewModel.swift in Sources */,
				6213CD3168F9A35728622302 /* CapturePromptView.swift in Sources */,
				5A126A13AB1BF5E7CDA772AA /* SetupCheckView.swift in Sources */,
				41C031D892E77B096F133448 /* TokenEntryView.swift in Sources */,
				0A74D7B13A5483968E7B520E /* UploadProgressView.swift in Sources */,
			);
			runOnlyForDeploymentPostprocessing = 0;
		};
		2C102E8CF22B4EC8FACE2839 /* Sources */ = {
			isa = PBXSourcesBuildPhase;
			buildActionMask = 2147483647;
			files = (
				18975CED0EA48DD0F2B09709 /* BundleArchiverTests.swift in Sources */,
				881372AA4526CF6039B0FAA5 /* CaptureSessionStateTests.swift in Sources */,
				885E6D6911AA08719783C1B0 /* DepthMapEncoderTests.swift in Sources */,
				804BF0DDCA65D749689B08FA /* FixtureParseTests.swift in Sources */,
				91AF5C5D73B6D284406E54DA /* ManifestSerializationTests.swift in Sources */,
				8961C8144F0E087701A7094E /* MatrixSerializerTests.swift in Sources */,
				8864685FFDB33D66131EA1E2 /* MultipartEncoderTests.swift in Sources */,
				0FC25AF2505E10B5852BBCD3 /* TokenValidationTests.swift in Sources */,
				26CDD08516EB7038B331C2BC /* UploadRetryTests.swift in Sources */,
			);
			runOnlyForDeploymentPostprocessing = 0;
		};
/* End PBXSourcesBuildPhase section */
/* Begin PBXTargetDependency section */
		2D53F397389A36F72120AC20 /* PBXTargetDependency */ = {
			isa = PBXTargetDependency;
			target = 29C7B681C8D62CBAC94D51C0 /* RoofTrace */;
			targetProxy = D0A96A15E1CA7ACF5A1EB5AF /* PBXContainerItemProxy */;
		};
/* End PBXTargetDependency section */
/* Begin XCBuildConfiguration section */
		62C0502E9DD2F4A0E153A290 /* Debug */ = {
			isa = XCBuildConfiguration;
			baseConfigurationReference = 160DE646BDD97EA380B2C763;
			buildSettings = {
				ALWAYS_SEARCH_USER_PATHS = NO;
				CLANG_ENABLE_MODULES = YES;
				CLANG_ENABLE_OBJC_ARC = YES;
				ENABLE_STRICT_OBJC_MSGSEND = YES;
				GCC_NO_COMMON_BLOCKS = YES;
				IPHONEOS_DEPLOYMENT_TARGET = 17.0;
				SDKROOT = iphoneos;
				SWIFT_VERSION = 5.0;
				ONLY_ACTIVE_ARCH = YES;
				ENABLE_TESTABILITY = YES;
				SWIFT_ACTIVE_COMPILATION_CONDITIONS = DEBUG;
				SWIFT_OPTIMIZATION_LEVEL = "-Onone";
				GCC_PREPROCESSOR_DEFINITIONS = ("DEBUG=1", "$(inherited)");
				DEBUG_INFORMATION_FORMAT = dwarf;
			};
			name = Debug;
		};
		A1076DB52F6D567F23A74575 /* Release */ = {
			isa = XCBuildConfiguration;
			baseConfigurationReference = 59C6FCE456D3F882DB353970;
			buildSettings = {
				ALWAYS_SEARCH_USER_PATHS = NO;
				CLANG_ENABLE_MODULES = YES;
				CLANG_ENABLE_OBJC_ARC = YES;
				ENABLE_STRICT_OBJC_MSGSEND = YES;
				GCC_NO_COMMON_BLOCKS = YES;
				IPHONEOS_DEPLOYMENT_TARGET = 17.0;
				SDKROOT = iphoneos;
				SWIFT_VERSION = 5.0;
				SWIFT_OPTIMIZATION_LEVEL = "-O";
				DEBUG_INFORMATION_FORMAT = "dwarf-with-dsym";
				VALIDATE_PRODUCT = YES;
			};
			name = Release;
		};
		754064D2901B6752E802BA06 /* Debug */ = {
			isa = XCBuildConfiguration;
			buildSettings = {
				ASSETCATALOG_COMPILER_APPICON_NAME = AppIcon;
				CODE_SIGN_STYLE = Automatic;
				CURRENT_PROJECT_VERSION = 1;
				GENERATE_INFOPLIST_FILE = NO;
				INFOPLIST_FILE = "RoofTrace/Info.plist";
				IPHONEOS_DEPLOYMENT_TARGET = 17.0;
				LD_RUNPATH_SEARCH_PATHS = ("$(inherited)", "@executable_path/Frameworks");
				MARKETING_VERSION = 1.0.0;
				PRODUCT_BUNDLE_IDENTIFIER = "dev.biograph.rooftrace";
				PRODUCT_NAME = "$(TARGET_NAME)";
				SWIFT_EMIT_LOC_STRINGS = YES;
				SWIFT_VERSION = 5.0;
				TARGETED_DEVICE_FAMILY = "1,2";
			};
			name = Debug;
		};
		831F0B0E7AD0243B76867D45 /* Release */ = {
			isa = XCBuildConfiguration;
			buildSettings = {
				ASSETCATALOG_COMPILER_APPICON_NAME = AppIcon;
				CODE_SIGN_STYLE = Automatic;
				CURRENT_PROJECT_VERSION = 1;
				GENERATE_INFOPLIST_FILE = NO;
				INFOPLIST_FILE = "RoofTrace/Info.plist";
				IPHONEOS_DEPLOYMENT_TARGET = 17.0;
				LD_RUNPATH_SEARCH_PATHS = ("$(inherited)", "@executable_path/Frameworks");
				MARKETING_VERSION = 1.0.0;
				PRODUCT_BUNDLE_IDENTIFIER = "dev.biograph.rooftrace";
				PRODUCT_NAME = "$(TARGET_NAME)";
				SWIFT_EMIT_LOC_STRINGS = YES;
				SWIFT_VERSION = 5.0;
				TARGETED_DEVICE_FAMILY = "1,2";
			};
			name = Release;
		};
		E8A7D59B347239969BCF4442 /* Debug */ = {
			isa = XCBuildConfiguration;
			buildSettings = {
				BUNDLE_LOADER = "$(TEST_HOST)";
				CODE_SIGN_STYLE = Automatic;
				CURRENT_PROJECT_VERSION = 1;
				GENERATE_INFOPLIST_FILE = YES;
				IPHONEOS_DEPLOYMENT_TARGET = 17.0;
				MARKETING_VERSION = 1.0.0;
				PRODUCT_BUNDLE_IDENTIFIER = "dev.biograph.rooftrace.tests";
				PRODUCT_NAME = "$(TARGET_NAME)";
				SWIFT_EMIT_LOC_STRINGS = NO;
				SWIFT_VERSION = 5.0;
				TARGETED_DEVICE_FAMILY = "1,2";
				TEST_HOST = "$(BUILT_PRODUCTS_DIR)/RoofTrace.app/$(BUNDLE_EXECUTABLE_FOLDER_PATH)/RoofTrace";
			};
			name = Debug;
		};
		FB77EFCD69769151259EA1DF /* Release */ = {
			isa = XCBuildConfiguration;
			buildSettings = {
				BUNDLE_LOADER = "$(TEST_HOST)";
				CODE_SIGN_STYLE = Automatic;
				CURRENT_PROJECT_VERSION = 1;
				GENERATE_INFOPLIST_FILE = YES;
				IPHONEOS_DEPLOYMENT_TARGET = 17.0;
				MARKETING_VERSION = 1.0.0;
				PRODUCT_BUNDLE_IDENTIFIER = "dev.biograph.rooftrace.tests";
				PRODUCT_NAME = "$(TARGET_NAME)";
				SWIFT_EMIT_LOC_STRINGS = NO;
				SWIFT_VERSION = 5.0;
				TARGETED_DEVICE_FAMILY = "1,2";
				TEST_HOST = "$(BUILT_PRODUCTS_DIR)/RoofTrace.app/$(BUNDLE_EXECUTABLE_FOLDER_PATH)/RoofTrace";
			};
			name = Release;
		};
/* End XCBuildConfiguration section */
/* Begin XCConfigurationList section */
		9E86DAD1364ACE366C2567F2 /* Build configuration list for PBXProject "RoofTrace" */ = {
			isa = XCConfigurationList;
			buildConfigurations = (
				62C0502E9DD2F4A0E153A290 /* Debug */,
				A1076DB52F6D567F23A74575 /* Release */,
			);
			defaultConfigurationIsVisible = 0;
			defaultConfigurationName = Release;
		};
		AAAA7B42D5EEFC8ECE2F2B07 /* Build configuration list for PBXNativeTarget "RoofTrace" */ = {
			isa = XCConfigurationList;
			buildConfigurations = (
				754064D2901B6752E802BA06 /* Debug */,
				831F0B0E7AD0243B76867D45 /* Release */,
			);
			defaultConfigurationIsVisible = 0;
			defaultConfigurationName = Release;
		};
		92113AF3C8203317D84EE983 /* Build configuration list for PBXNativeTarget "RoofTraceTests" */ = {
			isa = XCConfigurationList;
			buildConfigurations = (
				E8A7D59B347239969BCF4442 /* Debug */,
				FB77EFCD69769151259EA1DF /* Release */,
			);
			defaultConfigurationIsVisible = 0;
			defaultConfigurationName = Release;
		};
/* End XCConfigurationList section */
	};
	rootObject = B25CF16007ABAFF9D21D5A6C /* Project object */;
}
