// !$*UTF8*$!
{
	archiveVersion = 1;
	classes = {};
	objectVersion = 56;
	objects = {
/* Begin PBXBuildFile section */
		98D1D81DC92365D4DB8F5E30 /* AppEnvironment.swift in Sources */ = {isa = PBXBuildFile; fileRef = AA33F1DB05B07E19FC3DDC4E /* AppEnvironment.swift */; };
		6C0C47BE2F11E1A8B9B33E72 /* RoofTraceApp.swift in Sources */ = {isa = PBXBuildFile; fileRef = 6564762213BFC017744981BD /* RoofTraceApp.swift */; };
		9ED7C555B7D06A62A45341DF /* AuthStore.swift in Sources */ = {isa = PBXBuildFile; fileRef = 7539DD7BBACEAAF265F4CA40 /* AuthStore.swift */; };
		7BC8B0029422386C0863760A /* KeychainTokenStore.swift in Sources */ = {isa = PBXBuildFile; fileRef = BCF75E2E71EA68DBB7F726FF /* KeychainTokenStore.swift */; };
		9AEB18524BE0ABC4BBD71F1E /* TokenStoring.swift in Sources */ = {isa = PBXBuildFile; fileRef = 51127FB5226332ED6C82EFB9 /* TokenStoring.swift */; };
		7360576DB67191EDE25E52FE /* Card.swift in Sources */ = {isa = PBXBuildFile; fileRef = 37DB38C7A63E4FABEC3367B7 /* Card.swift */; };
		FC28865F8EEE063FDE3BB360 /* EmptyStateView.swift in Sources */ = {isa = PBXBuildFile; fileRef = BBF6EEFFF3BBAF60E4C55E4E /* EmptyStateView.swift */; };
		10515B65A4ECF74D0F6725B9 /* EyebrowLabel.swift in Sources */ = {isa = PBXBuildFile; fileRef = 0DCFDECD672386B99303AE9A /* EyebrowLabel.swift */; };
		AFB3C6EBEBEF0413476A42CB /* GhostButton.swift in Sources */ = {isa = PBXBuildFile; fileRef = C065F9257E0E3D51A49EE918 /* GhostButton.swift */; };
		321B7D1ECC7C70F11CC9FDF0 /* InlineErrorBlock.swift in Sources */ = {isa = PBXBuildFile; fileRef = 9B9F44A43034D3413E807C1C /* InlineErrorBlock.swift */; };
		6B510B8060F31190BD1B2C5F /* JobRow.swift in Sources */ = {isa = PBXBuildFile; fileRef = 1E252A0EB0C396BAFA246777 /* JobRow.swift */; };
		442750A3D28FFF31CD14CFE6 /* PrimaryButton.swift in Sources */ = {isa = PBXBuildFile; fileRef = 4F7FB5EEF5A30722D1C74E91 /* PrimaryButton.swift */; };
		452E34E8F7316FC9309D9CAC /* ReportComponents.swift in Sources */ = {isa = PBXBuildFile; fileRef = 09C0F310E50636FB6582A771 /* ReportComponents.swift */; };
		0BFE1CF26269F5FCDD355222 /* ScreenHeader.swift in Sources */ = {isa = PBXBuildFile; fileRef = 69BF912BCB90B4D70FB24DE9 /* ScreenHeader.swift */; };
		4C902CA2C5F3706ABE7E66B1 /* StatusIndicator.swift in Sources */ = {isa = PBXBuildFile; fileRef = FE1C7F82CAF5037DB12FC654 /* StatusIndicator.swift */; };
		53DF5BC1AB6F1ED315C7B9E1 /* AppConfig.swift in Sources */ = {isa = PBXBuildFile; fileRef = 1967A04F22302578735D9A75 /* AppConfig.swift */; };
		866F81583CE966ED1A6A9E01 /* Color+Tokens.swift in Sources */ = {isa = PBXBuildFile; fileRef = 217164786AD10366286630C3 /* Color+Tokens.swift */; };
		126B9A69F6FA3066A4CFB2DA /* Modifiers.swift in Sources */ = {isa = PBXBuildFile; fileRef = 9334E8D7E2503A8420B8696E /* Modifiers.swift */; };
		F21A8AE4C7ECB9265CF7C5FE /* Typography.swift in Sources */ = {isa = PBXBuildFile; fileRef = 0F6C5CB2D970C2DE9AAFF1C3 /* Typography.swift */; };
		CF324BB568B2150D980E4A43 /* CaptureSessionManifest.swift in Sources */ = {isa = PBXBuildFile; fileRef = 42C8C871B35E325B6DFAED7A /* CaptureSessionManifest.swift */; };
		0F185EDFB499214010A4BB09 /* CaptureSessionState.swift in Sources */ = {isa = PBXBuildFile; fileRef = 3740EDC36EE13804BF021D25 /* CaptureSessionState.swift */; };
		C3C309444C27ABCA5D180D20 /* MatrixSerializer.swift in Sources */ = {isa = PBXBuildFile; fileRef = E4E596A0708CE57409959CFB /* MatrixSerializer.swift */; };
		7020023D7F32CD4D7F7A1FE7 /* PromptLibrary.swift in Sources */ = {isa = PBXBuildFile; fileRef = AB36C4710DFE602902BFD62B /* PromptLibrary.swift */; };
		4BEA6DE15D30528F27267EC8 /* AppRoute.swift in Sources */ = {isa = PBXBuildFile; fileRef = A5396CCE9EF4686689D1F257 /* AppRoute.swift */; };
		7B15C3F2FE5A1FB8ADC4AAF0 /* AppRouter.swift in Sources */ = {isa = PBXBuildFile; fileRef = 4C15C7591C3BD2C5AEC69DC4 /* AppRouter.swift */; };
		AE825B86B04A9334B7A8D494 /* JobRouting.swift in Sources */ = {isa = PBXBuildFile; fileRef = E5C9474007D7D6966C9664C2 /* JobRouting.swift */; };
		93EEF1E732634CA35B77827C /* APIClient.swift in Sources */ = {isa = PBXBuildFile; fileRef = D7E27C13361222CBD631189F /* APIClient.swift */; };
		1C4F6FB979B24EAF59984331 /* APIError.swift in Sources */ = {isa = PBXBuildFile; fileRef = C0E10170F583D874B8D8E667 /* APIError.swift */; };
		59A08DDBDA0379C8D716EED8 /* DTOs.swift in Sources */ = {isa = PBXBuildFile; fileRef = 90792349195BD42A312BFDBF /* DTOs.swift */; };
		21697EA995777A31D6AFF81A /* Endpoint.swift in Sources */ = {isa = PBXBuildFile; fileRef = EA54539BD277366D7FDD7444 /* Endpoint.swift */; };
		C76E4B8B28BEFAF207850AC9 /* JobStatus.swift in Sources */ = {isa = PBXBuildFile; fileRef = C8A24671EE8E41938DD50F78 /* JobStatus.swift */; };
		01961A498FEFC940D333A4AE /* RoofExport.swift in Sources */ = {isa = PBXBuildFile; fileRef = 3FDF6C48D9649E08EAA43898 /* RoofExport.swift */; };
		500D8E376AAEFD69A7FA8B44 /* ARSessionManager.swift in Sources */ = {isa = PBXBuildFile; fileRef = D096C3A0D34E885FEE5943D3 /* ARSessionManager.swift */; };
		41038E1A0DDC7D99B899F476 /* AddressCompleting.swift in Sources */ = {isa = PBXBuildFile; fileRef = 73736B24B2A96F7751B43C8F /* AddressCompleting.swift */; };
		906FF8F6182F944B524E166A /* BundleArchiver.swift in Sources */ = {isa = PBXBuildFile; fileRef = EE10FF40058E5FC8B955E18B /* BundleArchiver.swift */; };
		F32777A446EB04AA963B7B98 /* DepthMapEncoder.swift in Sources */ = {isa = PBXBuildFile; fileRef = 9A87396C862616F8D1670F9C /* DepthMapEncoder.swift */; };
		F6D493F2BCCD5F5CA0920FF2 /* GPSProvider.swift in Sources */ = {isa = PBXBuildFile; fileRef = A24EAF2AD51B7BD29556619A /* GPSProvider.swift */; };
		51F6DBC65016DA04E1E5DA41 /* LocationResolving.swift in Sources */ = {isa = PBXBuildFile; fileRef = 6F7D27751EC3173261DA1A22 /* LocationResolving.swift */; };
		B9C2205C4FEB5C19E3E6E94A /* MeshExporter.swift in Sources */ = {isa = PBXBuildFile; fileRef = 8A3EA9C6F23405F0A45FFF64 /* MeshExporter.swift */; };
		207C19DE14214E1B1E9EFD80 /* MultipartUploader.swift in Sources */ = {isa = PBXBuildFile; fileRef = FA5EB752ACDECFDF1E876A9C /* MultipartUploader.swift */; };
		BC8F24534E57F437CFD19F27 /* TokenValidator.swift in Sources */ = {isa = PBXBuildFile; fileRef = E3CBAC94A50C8D7DF1A011E3 /* TokenValidator.swift */; };
		F9F10D40C4FC8ABCE48C0608 /* CaptureViewModel.swift in Sources */ = {isa = PBXBuildFile; fileRef = BC8BFBEAC61C2BF4FC857DA1 /* CaptureViewModel.swift */; };
		4C25E228F4288649AEDE1162 /* CreateJobViewModel.swift in Sources */ = {isa = PBXBuildFile; fileRef = D7BFAA06F0A0E443FA978534 /* CreateJobViewModel.swift */; };
		6A976FC08AA5D72FAC9B5D28 /* JobListViewModel.swift in Sources */ = {isa = PBXBuildFile; fileRef = 6B1A10EE185362B59255CA4F /* JobListViewModel.swift */; };
		0EB0F013519341189D56AC3E /* ReportViewModel.swift in Sources */ = {isa = PBXBuildFile; fileRef = BD44D72A0AD57FDDBDC5694C /* ReportViewModel.swift */; };
		6213CD3168F9A35728622302 /* CapturePromptView.swift in Sources */ = {isa = PBXBuildFile; fileRef = 97A7C1F20955910D8C94B701 /* CapturePromptView.swift */; };
		ED14371F802EED438C8EE540 /* CreateJobView.swift in Sources */ = {isa = PBXBuildFile; fileRef = E99257C21C58121645FD6BB4 /* CreateJobView.swift */; };
		E37EF3BE20794155D63B738E /* HomeView.swift in Sources */ = {isa = PBXBuildFile; fileRef = CE16579CE046739ED61F0388 /* HomeView.swift */; };
		EE48071956B2963A3EFEC4F4 /* JobListView.swift in Sources */ = {isa = PBXBuildFile; fileRef = 4863B4602FDA1C727B484F92 /* JobListView.swift */; };
		19F8C2ED443B6D50F32B5BF0 /* LoginView.swift in Sources */ = {isa = PBXBuildFile; fileRef = CF2C7335102BE9E39A0840BB /* LoginView.swift */; };
		CF5845EE83E3C1771BE7B51D /* ReportView.swift in Sources */ = {isa = PBXBuildFile; fileRef = 8C9EED7DBBC2FD1C44B0A0C6 /* ReportView.swift */; };
		5A126A13AB1BF5E7CDA772AA /* SetupCheckView.swift in Sources */ = {isa = PBXBuildFile; fileRef = A3481889A124A5FA664C727D /* SetupCheckView.swift */; };
		41C031D892E77B096F133448 /* TokenEntryView.swift in Sources */ = {isa = PBXBuildFile; fileRef = 2CE0DA7469E5C4ECEE83257D /* TokenEntryView.swift */; };
		0A74D7B13A5483968E7B520E /* UploadProgressView.swift in Sources */ = {isa = PBXBuildFile; fileRef = A3281F0E007D3390DD41DA83 /* UploadProgressView.swift */; };
		9DF9922B13927544AFB2A467 /* APIClientTests.swift in Sources */ = {isa = PBXBuildFile; fileRef = 09EA3114B40881944D2D107B /* APIClientTests.swift */; };
		97A713CA689DF019011B5021 /* AppRouterTests.swift in Sources */ = {isa = PBXBuildFile; fileRef = 38A5471BE07E26F3B857E459 /* AppRouterTests.swift */; };
		3AB69F891EA9BB030370EE04 /* AuthStoreTests.swift in Sources */ = {isa = PBXBuildFile; fileRef = D16EC3384CFFC37E1A2681A9 /* AuthStoreTests.swift */; };
		18975CED0EA48DD0F2B09709 /* BundleArchiverTests.swift in Sources */ = {isa = PBXBuildFile; fileRef = 4F90905F3C4CFD214096474C /* BundleArchiverTests.swift */; };
		881372AA4526CF6039B0FAA5 /* CaptureSessionStateTests.swift in Sources */ = {isa = PBXBuildFile; fileRef = A0259D57A11D8D8F29FE20AA /* CaptureSessionStateTests.swift */; };
		5AAD287F84A26545BA59C068 /* CreateJobViewModelTests.swift in Sources */ = {isa = PBXBuildFile; fileRef = 112F56E2DFC83EF160530135 /* CreateJobViewModelTests.swift */; };
		B77D2F7B9B5DE4310DFA0AA9 /* DeepLinkGuardTests.swift in Sources */ = {isa = PBXBuildFile; fileRef = 5AD03A581CDF7584DC36DB2A /* DeepLinkGuardTests.swift */; };
		885E6D6911AA08719783C1B0 /* DepthMapEncoderTests.swift in Sources */ = {isa = PBXBuildFile; fileRef = E1081AFE93814D54E8D32DFF /* DepthMapEncoderTests.swift */; };
		B5799A9BFEA00EF18100B3F9 /* Fakes.swift in Sources */ = {isa = PBXBuildFile; fileRef = D0C6A9295895440FA716E35D /* Fakes.swift */; };
		804BF0DDCA65D749689B08FA /* FixtureParseTests.swift in Sources */ = {isa = PBXBuildFile; fileRef = FFD76BEA3FD5966CB4912C3F /* FixtureParseTests.swift */; };
		6DBCD8AD5A09F292419BE38D /* JobListRoutingTests.swift in Sources */ = {isa = PBXBuildFile; fileRef = A12247764385E5C507446BF1 /* JobListRoutingTests.swift */; };
		D606C8E0F293EAAA0A9A8BD2 /* JobListViewModelTests.swift in Sources */ = {isa = PBXBuildFile; fileRef = B40C69399523220ED57CD2A5 /* JobListViewModelTests.swift */; };
		7F7596C93CBB95B3CE1A133B /* JobStatusDecodeTests.swift in Sources */ = {isa = PBXBuildFile; fileRef = 2262D9B529685749D32DD8E3 /* JobStatusDecodeTests.swift */; };
		694344CAB32B53030B772219 /* LoginViewModelTests.swift in Sources */ = {isa = PBXBuildFile; fileRef = 1B360DA83BCBDBF9CBC069A3 /* LoginViewModelTests.swift */; };
		D498057592971F16289E0931 /* ManifestBuilderTests.swift in Sources */ = {isa = PBXBuildFile; fileRef = FC38F7676383A3E170AAC53F /* ManifestBuilderTests.swift */; };
		C3AAF3C55BC1394CA687B98F /* ManifestFixtures.swift in Sources */ = {isa = PBXBuildFile; fileRef = AF73775F1B0A2C94AEC689D3 /* ManifestFixtures.swift */; };
		91AF5C5D73B6D284406E54DA /* ManifestSerializationTests.swift in Sources */ = {isa = PBXBuildFile; fileRef = B597D90D54C7656DD9627A07 /* ManifestSerializationTests.swift */; };
		8961C8144F0E087701A7094E /* MatrixSerializerTests.swift in Sources */ = {isa = PBXBuildFile; fileRef = DEC4D47368B7663909B98A0D /* MatrixSerializerTests.swift */; };
		8864685FFDB33D66131EA1E2 /* MultipartEncoderTests.swift in Sources */ = {isa = PBXBuildFile; fileRef = AFEE14CA4CEA134F6844E9E2 /* MultipartEncoderTests.swift */; };
		4D01DD6358C3DE43AA319EBD /* PromptLibraryTests.swift in Sources */ = {isa = PBXBuildFile; fileRef = 026DAC3B6C28F5A406A9454A /* PromptLibraryTests.swift */; };
		8F11295B43EDED7DA30FC8D7 /* ReportViewModelTests.swift in Sources */ = {isa = PBXBuildFile; fileRef = 26C79C43612301DF611F9D2A /* ReportViewModelTests.swift */; };
		76F915B9D6DBE4EEB1F81B7E /* RoofExportTests.swift in Sources */ = {isa = PBXBuildFile; fileRef = 28A49AEADF350BACAC36F769 /* RoofExportTests.swift */; };
		833195E428E4F8A3DDA5F6D6 /* StatusIndicatorTests.swift in Sources */ = {isa = PBXBuildFile; fileRef = BA710D7F64EAE2B57384047E /* StatusIndicatorTests.swift */; };
		32063FD917302B67ABCD78E9 /* StubURLProtocol.swift in Sources */ = {isa = PBXBuildFile; fileRef = 04421F3D9DFF37F86E76F11C /* StubURLProtocol.swift */; };
		0FC25AF2505E10B5852BBCD3 /* TokenValidationTests.swift in Sources */ = {isa = PBXBuildFile; fileRef = 0FE553C7B2935E72D77AFBD9 /* TokenValidationTests.swift */; };
		26CDD08516EB7038B331C2BC /* UploadRetryTests.swift in Sources */ = {isa = PBXBuildFile; fileRef = 46C90A1BED78E6565E73F71E /* UploadRetryTests.swift */; };
		C0A64EE456F811A01432682C /* Assets.xcassets in Resources */ = {isa = PBXBuildFile; fileRef = EFB6F3CDFC50E8A296F81CAE /* Assets.xcassets */; };
		CA0A73676B9889F1F0CAD562 /* Archivo-ExtraBold.ttf in Resources */ = {isa = PBXBuildFile; fileRef = 736D8AA21D3D54F6D0EEF8FA /* Archivo-ExtraBold.ttf */; };
		270B13340C60993C3CDF2A5B /* Inter-Bold.ttf in Resources */ = {isa = PBXBuildFile; fileRef = 6A3A4ABEA743D86C18CDB241 /* Inter-Bold.ttf */; };
		938FD964075296FFF1E416E3 /* Inter-Medium.ttf in Resources */ = {isa = PBXBuildFile; fileRef = A90299138719BB785A2EEAEE /* Inter-Medium.ttf */; };
		B16DBD056CFD165C2D096373 /* Inter-Regular.ttf in Resources */ = {isa = PBXBuildFile; fileRef = 737DF47A2715772706C556E1 /* Inter-Regular.ttf */; };
		795C3957A3EBE97F5BA882A7 /* Inter-SemiBold.ttf in Resources */ = {isa = PBXBuildFile; fileRef = 62D887ACB373DD3DBD5829AF /* Inter-SemiBold.ttf */; };
		0C96F35CD56866637D12F123 /* session.json in Resources */ = {isa = PBXBuildFile; fileRef = 80394984718151D834701B72 /* session.json */; };
		913998D908CB2D60BA341DB2 /* sample.json in Resources */ = {isa = PBXBuildFile; fileRef = 03F1EB6EFEBE36CF71EC5CCF /* sample.json */; };
/* End PBXBuildFile section */
/* Begin PBXContainerItemProxy section */
		D0A96A15E1CA7ACF5A1EB5AF /* PBXContainerItemProxy */ = {
			isa = PBXContainerItemProxy;
			containerPortal = B25CF16007ABAFF9D21D5A6C /* Project object */;
			proxyType = 1;
			remoteGlobalIDString = 29C7B681C8D62CBAC94D51C0;
			remoteInfo = RoofTrace;
		};
/* End PBXContainerItemProxy section */
/* Begin PBXFileReference section */
		AA33F1DB05B07E19FC3DDC4E /* AppEnvironment.swift */ = {isa = PBXFileReference; lastKnownFileType = sourcecode.swift; path = "App/AppEnvironment.swift"; sourceTree = "<group>"; };
		6564762213BFC017744981BD /* RoofTraceApp.swift */ = {isa = PBXFileReference; lastKnownFileType = sourcecode.swift; path = "App/RoofTraceApp.swift"; sourceTree = "<group>"; };
		7539DD7BBACEAAF265F4CA40 /* AuthStore.swift */ = {isa = PBXFileReference; lastKnownFileType = sourcecode.swift; path = "Auth/AuthStore.swift"; sourceTree = "<group>"; };
		BCF75E2E71EA68DBB7F726FF /* KeychainTokenStore.swift */ = {isa = PBXFileReference; lastKnownFileType = sourcecode.swift; path = "Auth/KeychainTokenStore.swift"; sourceTree = "<group>"; };
		51127FB5226332ED6C82EFB9 /* TokenStoring.swift */ = {isa = PBXFileReference; lastKnownFileType = sourcecode.swift; path = "Auth/TokenStoring.swift"; sourceTree = "<group>"; };
		37DB38C7A63E4FABEC3367B7 /* Card.swift */ = {isa = PBXFileReference; lastKnownFileType = sourcecode.swift; path = "Components/Card.swift"; sourceTree = "<group>"; };
		BBF6EEFFF3BBAF60E4C55E4E /* EmptyStateView.swift */ = {isa = PBXFileReference; lastKnownFileType = sourcecode.swift; path = "Components/EmptyStateView.swift"; sourceTree = "<group>"; };
		0DCFDECD672386B99303AE9A /* EyebrowLabel.swift */ = {isa = PBXFileReference; lastKnownFileType = sourcecode.swift; path = "Components/EyebrowLabel.swift"; sourceTree = "<group>"; };
		C065F9257E0E3D51A49EE918 /* GhostButton.swift */ = {isa = PBXFileReference; lastKnownFileType = sourcecode.swift; path = "Components/GhostButton.swift"; sourceTree = "<group>"; };
		9B9F44A43034D3413E807C1C /* InlineErrorBlock.swift */ = {isa = PBXFileReference; lastKnownFileType = sourcecode.swift; path = "Components/InlineErrorBlock.swift"; sourceTree = "<group>"; };
		1E252A0EB0C396BAFA246777 /* JobRow.swift */ = {isa = PBXFileReference; lastKnownFileType = sourcecode.swift; path = "Components/JobRow.swift"; sourceTree = "<group>"; };
		4F7FB5EEF5A30722D1C74E91 /* PrimaryButton.swift */ = {isa = PBXFileReference; lastKnownFileType = sourcecode.swift; path = "Components/PrimaryButton.swift"; sourceTree = "<group>"; };
		09C0F310E50636FB6582A771 /* ReportComponents.swift */ = {isa = PBXFileReference; lastKnownFileType = sourcecode.swift; path = "Components/ReportComponents.swift"; sourceTree = "<group>"; };
		69BF912BCB90B4D70FB24DE9 /* ScreenHeader.swift */ = {isa = PBXFileReference; lastKnownFileType = sourcecode.swift; path = "Components/ScreenHeader.swift"; sourceTree = "<group>"; };
		FE1C7F82CAF5037DB12FC654 /* StatusIndicator.swift */ = {isa = PBXFileReference; lastKnownFileType = sourcecode.swift; path = "Components/StatusIndicator.swift"; sourceTree = "<group>"; };
		1967A04F22302578735D9A75 /* AppConfig.swift */ = {isa = PBXFileReference; lastKnownFileType = sourcecode.swift; path = "Config/AppConfig.swift"; sourceTree = "<group>"; };
		217164786AD10366286630C3 /* Color+Tokens.swift */ = {isa = PBXFileReference; lastKnownFileType = sourcecode.swift; path = "DesignSystem/Color+Tokens.swift"; sourceTree = "<group>"; };
		9334E8D7E2503A8420B8696E /* Modifiers.swift */ = {isa = PBXFileReference; lastKnownFileType = sourcecode.swift; path = "DesignSystem/Modifiers.swift"; sourceTree = "<group>"; };
		0F6C5CB2D970C2DE9AAFF1C3 /* Typography.swift */ = {isa = PBXFileReference; lastKnownFileType = sourcecode.swift; path = "DesignSystem/Typography.swift"; sourceTree = "<group>"; };
		42C8C871B35E325B6DFAED7A /* CaptureSessionManifest.swift */ = {isa = PBXFileReference; lastKnownFileType = sourcecode.swift; path = "Models/CaptureSessionManifest.swift"; sourceTree = "<group>"; };
		3740EDC36EE13804BF021D25 /* CaptureSessionState.swift */ = {isa = PBXFileReference; lastKnownFileType = sourcecode.swift; path = "Models/CaptureSessionState.swift"; sourceTree = "<group>"; };
		E4E596A0708CE57409959CFB /* MatrixSerializer.swift */ = {isa = PBXFileReference; lastKnownFileType = sourcecode.swift; path = "Models/MatrixSerializer.swift"; sourceTree = "<group>"; };
		AB36C4710DFE602902BFD62B /* PromptLibrary.swift */ = {isa = PBXFileReference; lastKnownFileType = sourcecode.swift; path = "Models/PromptLibrary.swift"; sourceTree = "<group>"; };
		A5396CCE9EF4686689D1F257 /* AppRoute.swift */ = {isa = PBXFileReference; lastKnownFileType = sourcecode.swift; path = "Navigation/AppRoute.swift"; sourceTree = "<group>"; };
		4C15C7591C3BD2C5AEC69DC4 /* AppRouter.swift */ = {isa = PBXFileReference; lastKnownFileType = sourcecode.swift; path = "Navigation/AppRouter.swift"; sourceTree = "<group>"; };
		E5C9474007D7D6966C9664C2 /* JobRouting.swift */ = {isa = PBXFileReference; lastKnownFileType = sourcecode.swift; path = "Navigation/JobRouting.swift"; sourceTree = "<group>"; };
		D7E27C13361222CBD631189F /* APIClient.swift */ = {isa = PBXFileReference; lastKnownFileType = sourcecode.swift; path = "Networking/APIClient.swift"; sourceTree = "<group>"; };
		C0E10170F583D874B8D8E667 /* APIError.swift */ = {isa = PBXFileReference; lastKnownFileType = sourcecode.swift; path = "Networking/APIError.swift"; sourceTree = "<group>"; };
		90792349195BD42A312BFDBF /* DTOs.swift */ = {isa = PBXFileReference; lastKnownFileType = sourcecode.swift; path = "Networking/DTOs.swift"; sourceTree = "<group>"; };
		EA54539BD277366D7FDD7444 /* Endpoint.swift */ = {isa = PBXFileReference; lastKnownFileType = sourcecode.swift; path = "Networking/Endpoint.swift"; sourceTree = "<group>"; };
		C8A24671EE8E41938DD50F78 /* JobStatus.swift */ = {isa = PBXFileReference; lastKnownFileType = sourcecode.swift; path = "Networking/JobStatus.swift"; sourceTree = "<group>"; };
		3FDF6C48D9649E08EAA43898 /* RoofExport.swift */ = {isa = PBXFileReference; lastKnownFileType = sourcecode.swift; path = "Networking/RoofExport.swift"; sourceTree = "<group>"; };
		D096C3A0D34E885FEE5943D3 /* ARSessionManager.swift */ = {isa = PBXFileReference; lastKnownFileType = sourcecode.swift; path = "Services/ARSessionManager.swift"; sourceTree = "<group>"; };
		73736B24B2A96F7751B43C8F /* AddressCompleting.swift */ = {isa = PBXFileReference; lastKnownFileType = sourcecode.swift; path = "Services/AddressCompleting.swift"; sourceTree = "<group>"; };
		EE10FF40058E5FC8B955E18B /* BundleArchiver.swift */ = {isa = PBXFileReference; lastKnownFileType = sourcecode.swift; path = "Services/BundleArchiver.swift"; sourceTree = "<group>"; };
		9A87396C862616F8D1670F9C /* DepthMapEncoder.swift */ = {isa = PBXFileReference; lastKnownFileType = sourcecode.swift; path = "Services/DepthMapEncoder.swift"; sourceTree = "<group>"; };
		A24EAF2AD51B7BD29556619A /* GPSProvider.swift */ = {isa = PBXFileReference; lastKnownFileType = sourcecode.swift; path = "Services/GPSProvider.swift"; sourceTree = "<group>"; };
		6F7D27751EC3173261DA1A22 /* LocationResolving.swift */ = {isa = PBXFileReference; lastKnownFileType = sourcecode.swift; path = "Services/LocationResolving.swift"; sourceTree = "<group>"; };
		8A3EA9C6F23405F0A45FFF64 /* MeshExporter.swift */ = {isa = PBXFileReference; lastKnownFileType = sourcecode.swift; path = "Services/MeshExporter.swift"; sourceTree = "<group>"; };
		FA5EB752ACDECFDF1E876A9C /* MultipartUploader.swift */ = {isa = PBXFileReference; lastKnownFileType = sourcecode.swift; path = "Services/MultipartUploader.swift"; sourceTree = "<group>"; };
		E3CBAC94A50C8D7DF1A011E3 /* TokenValidator.swift */ = {isa = PBXFileReference; lastKnownFileType = sourcecode.swift; path = "Services/TokenValidator.swift"; sourceTree = "<group>"; };
		BC8BFBEAC61C2BF4FC857DA1 /* CaptureViewModel.swift */ = {isa = PBXFileReference; lastKnownFileType = sourcecode.swift; path = "ViewModels/CaptureViewModel.swift"; sourceTree = "<group>"; };
		D7BFAA06F0A0E443FA978534 /* CreateJobViewModel.swift */ = {isa = PBXFileReference; lastKnownFileType = sourcecode.swift; path = "ViewModels/CreateJobViewModel.swift"; sourceTree = "<group>"; };
		6B1A10EE185362B59255CA4F /* JobListViewModel.swift */ = {isa = PBXFileReference; lastKnownFileType = sourcecode.swift; path = "ViewModels/JobListViewModel.swift"; sourceTree = "<group>"; };
		BD44D72A0AD57FDDBDC5694C /* ReportViewModel.swift */ = {isa = PBXFileReference; lastKnownFileType = sourcecode.swift; path = "ViewModels/ReportViewModel.swift"; sourceTree = "<group>"; };
		97A7C1F20955910D8C94B701 /* CapturePromptView.swift */ = {isa = PBXFileReference; lastKnownFileType = sourcecode.swift; path = "Views/CapturePromptView.swift"; sourceTree = "<group>"; };
		E99257C21C58121645FD6BB4 /* CreateJobView.swift */ = {isa = PBXFileReference; lastKnownFileType = sourcecode.swift; path = "Views/CreateJobView.swift"; sourceTree = "<group>"; };
		CE16579CE046739ED61F0388 /* HomeView.swift */ = {isa = PBXFileReference; lastKnownFileType = sourcecode.swift; path = "Views/HomeView.swift"; sourceTree = "<group>"; };
		4863B4602FDA1C727B484F92 /* JobListView.swift */ = {isa = PBXFileReference; lastKnownFileType = sourcecode.swift; path = "Views/JobListView.swift"; sourceTree = "<group>"; };
		CF2C7335102BE9E39A0840BB /* LoginView.swift */ = {isa = PBXFileReference; lastKnownFileType = sourcecode.swift; path = "Views/LoginView.swift"; sourceTree = "<group>"; };
		8C9EED7DBBC2FD1C44B0A0C6 /* ReportView.swift */ = {isa = PBXFileReference; lastKnownFileType = sourcecode.swift; path = "Views/ReportView.swift"; sourceTree = "<group>"; };
		A3481889A124A5FA664C727D /* SetupCheckView.swift */ = {isa = PBXFileReference; lastKnownFileType = sourcecode.swift; path = "Views/SetupCheckView.swift"; sourceTree = "<group>"; };
		2CE0DA7469E5C4ECEE83257D /* TokenEntryView.swift */ = {isa = PBXFileReference; lastKnownFileType = sourcecode.swift; path = "Views/TokenEntryView.swift"; sourceTree = "<group>"; };
		A3281F0E007D3390DD41DA83 /* UploadProgressView.swift */ = {isa = PBXFileReference; lastKnownFileType = sourcecode.swift; path = "Views/UploadProgressView.swift"; sourceTree = "<group>"; };
		09EA3114B40881944D2D107B /* APIClientTests.swift */ = {isa = PBXFileReference; lastKnownFileType = sourcecode.swift; path = "APIClientTests.swift"; sourceTree = "<group>"; };
		38A5471BE07E26F3B857E459 /* AppRouterTests.swift */ = {isa = PBXFileReference; lastKnownFileType = sourcecode.swift; path = "AppRouterTests.swift"; sourceTree = "<group>"; };
		D16EC3384CFFC37E1A2681A9 /* AuthStoreTests.swift */ = {isa = PBXFileReference; lastKnownFileType = sourcecode.swift; path = "AuthStoreTests.swift"; sourceTree = "<group>"; };
		4F90905F3C4CFD214096474C /* BundleArchiverTests.swift */ = {isa = PBXFileReference; lastKnownFileType = sourcecode.swift; path = "BundleArchiverTests.swift"; sourceTree = "<group>"; };
		A0259D57A11D8D8F29FE20AA /* CaptureSessionStateTests.swift */ = {isa = PBXFileReference; lastKnownFileType = sourcecode.swift; path = "CaptureSessionStateTests.swift"; sourceTree = "<group>"; };
		112F56E2DFC83EF160530135 /* CreateJobViewModelTests.swift */ = {isa = PBXFileReference; lastKnownFileType = sourcecode.swift; path = "CreateJobViewModelTests.swift"; sourceTree = "<group>"; };
		5AD03A581CDF7584DC36DB2A /* DeepLinkGuardTests.swift */ = {isa = PBXFileReference; lastKnownFileType = sourcecode.swift; path = "DeepLinkGuardTests.swift"; sourceTree = "<group>"; };
		E1081AFE93814D54E8D32DFF /* DepthMapEncoderTests.swift */ = {isa = PBXFileReference; lastKnownFileType = sourcecode.swift; path = "DepthMapEncoderTests.swift"; sourceTree = "<group>"; };
		D0C6A9295895440FA716E35D /* Fakes.swift */ = {isa = PBXFileReference; lastKnownFileType = sourcecode.swift; path = "Fakes.swift"; sourceTree = "<group>"; };
		FFD76BEA3FD5966CB4912C3F /* FixtureParseTests.swift */ = {isa = PBXFileReference; lastKnownFileType = sourcecode.swift; path = "FixtureParseTests.swift"; sourceTree = "<group>"; };
		A12247764385E5C507446BF1 /* JobListRoutingTests.swift */ = {isa = PBXFileReference; lastKnownFileType = sourcecode.swift; path = "JobListRoutingTests.swift"; sourceTree = "<group>"; };
		B40C69399523220ED57CD2A5 /* JobListViewModelTests.swift */ = {isa = PBXFileReference; lastKnownFileType = sourcecode.swift; path = "JobListViewModelTests.swift"; sourceTree = "<group>"; };
		2262D9B529685749D32DD8E3 /* JobStatusDecodeTests.swift */ = {isa = PBXFileReference; lastKnownFileType = sourcecode.swift; path = "JobStatusDecodeTests.swift"; sourceTree = "<group>"; };
		1B360DA83BCBDBF9CBC069A3 /* LoginViewModelTests.swift */ = {isa = PBXFileReference; lastKnownFileType = sourcecode.swift; path = "LoginViewModelTests.swift"; sourceTree = "<group>"; };
		FC38F7676383A3E170AAC53F /* ManifestBuilderTests.swift */ = {isa = PBXFileReference; lastKnownFileType = sourcecode.swift; path = "ManifestBuilderTests.swift"; sourceTree = "<group>"; };
		AF73775F1B0A2C94AEC689D3 /* ManifestFixtures.swift */ = {isa = PBXFileReference; lastKnownFileType = sourcecode.swift; path = "ManifestFixtures.swift"; sourceTree = "<group>"; };
		B597D90D54C7656DD9627A07 /* ManifestSerializationTests.swift */ = {isa = PBXFileReference; lastKnownFileType = sourcecode.swift; path = "ManifestSerializationTests.swift"; sourceTree = "<group>"; };
		DEC4D47368B7663909B98A0D /* MatrixSerializerTests.swift */ = {isa = PBXFileReference; lastKnownFileType = sourcecode.swift; path = "MatrixSerializerTests.swift"; sourceTree = "<group>"; };
		AFEE14CA4CEA134F6844E9E2 /* MultipartEncoderTests.swift */ = {isa = PBXFileReference; lastKnownFileType = sourcecode.swift; path = "MultipartEncoderTests.swift"; sourceTree = "<group>"; };
		026DAC3B6C28F5A406A9454A /* PromptLibraryTests.swift */ = {isa = PBXFileReference; lastKnownFileType = sourcecode.swift; path = "PromptLibraryTests.swift"; sourceTree = "<group>"; };
		26C79C43612301DF611F9D2A /* ReportViewModelTests.swift */ = {isa = PBXFileReference; lastKnownFileType = sourcecode.swift; path = "ReportViewModelTests.swift"; sourceTree = "<group>"; };
		28A49AEADF350BACAC36F769 /* RoofExportTests.swift */ = {isa = PBXFileReference; lastKnownFileType = sourcecode.swift; path = "RoofExportTests.swift"; sourceTree = "<group>"; };
		BA710D7F64EAE2B57384047E /* StatusIndicatorTests.swift */ = {isa = PBXFileReference; lastKnownFileType = sourcecode.swift; path = "StatusIndicatorTests.swift"; sourceTree = "<group>"; };
		04421F3D9DFF37F86E76F11C /* StubURLProtocol.swift */ = {isa = PBXFileReference; lastKnownFileType = sourcecode.swift; path = "StubURLProtocol.swift"; sourceTree = "<group>"; };
		0FE553C7B2935E72D77AFBD9 /* TokenValidationTests.swift */ = {isa = PBXFileReference; lastKnownFileType = sourcecode.swift; path = "TokenValidationTests.swift"; sourceTree = "<group>"; };
		46C90A1BED78E6565E73F71E /* UploadRetryTests.swift */ = {isa = PBXFileReference; lastKnownFileType = sourcecode.swift; path = "UploadRetryTests.swift"; sourceTree = "<group>"; };
		EFB6F3CDFC50E8A296F81CAE /* Assets.xcassets */ = {isa = PBXFileReference; lastKnownFileType = folder.assetcatalog; path = "Assets.xcassets"; sourceTree = "<group>"; };
		736D8AA21D3D54F6D0EEF8FA /* Archivo-ExtraBold.ttf */ = {isa = PBXFileReference; lastKnownFileType = file; path = "Resources/Fonts/Archivo-ExtraBold.ttf"; sourceTree = "<group>"; };
		6A3A4ABEA743D86C18CDB241 /* Inter-Bold.ttf */ = {isa = PBXFileReference; lastKnownFileType = file; path = "Resources/Fonts/Inter-Bold.ttf"; sourceTree = "<group>"; };
		A90299138719BB785A2EEAEE /* Inter-Medium.ttf */ = {isa = PBXFileReference; lastKnownFileType = file; path = "Resources/Fonts/Inter-Medium.ttf"; sourceTree = "<group>"; };
		737DF47A2715772706C556E1 /* Inter-Regular.ttf */ = {isa = PBXFileReference; lastKnownFileType = file; path = "Resources/Fonts/Inter-Regular.ttf"; sourceTree = "<group>"; };
		62D887ACB373DD3DBD5829AF /* Inter-SemiBold.ttf */ = {isa = PBXFileReference; lastKnownFileType = file; path = "Resources/Fonts/Inter-SemiBold.ttf"; sourceTree = "<group>"; };
		80394984718151D834701B72 /* session.json */ = {isa = PBXFileReference; lastKnownFileType = text.json; name = "session.json"; path = "../spec/fixtures/ios_sessions/synthetic_house/session.json"; sourceTree = SOURCE_ROOT; };
		03F1EB6EFEBE36CF71EC5CCF /* sample.json */ = {isa = PBXFileReference; lastKnownFileType = text.json; name = "sample.json"; path = "../spec/fixtures/json_export/sample.json"; sourceTree = SOURCE_ROOT; };
		160DE646BDD97EA380B2C763 /* Debug.xcconfig */ = {isa = PBXFileReference; lastKnownFileType = text.xcconfig; path = "Config/Debug.xcconfig"; sourceTree = "<group>"; };
		59C6FCE456D3F882DB353970 /* Release.xcconfig */ = {isa = PBXFileReference; lastKnownFileType = text.xcconfig; path = "Config/Release.xcconfig"; sourceTree = "<group>"; };
		EF54FF77A9760B8DFF640C90 /* Info.plist */ = {isa = PBXFileReference; lastKnownFileType = text.plist.xml; path = "Info.plist"; sourceTree = "<group>"; };
		B6CDB6E5D160E013280D3C68 /* RoofTrace.app */ = {isa = PBXFileReference; explicitFileType = wrapper.application; includeInIndex = 0; path = "RoofTrace.app"; sourceTree = BUILT_PRODUCTS_DIR; };
		A8D8270AA6DB8732282C9541 /* RoofTraceTests.xctest */ = {isa = PBXFileReference; explicitFileType = wrapper.cfbundle; includeInIndex = 0; path = "RoofTraceTests.xctest"; sourceTree = BUILT_PRODUCTS_DIR; };
/* End PBXFileReference section */
/* Begin PBXFrameworksBuildPhase section */
		93BB4C6412215F1E47C9FB18 /* Frameworks */ = {
			isa = PBXFrameworksBuildPhase;
			buildActionMask = 2147483647;
			files = (
			);
			runOnlyForDeploymentPostprocessing = 0;
		};
		749BDA757C8CFB9199930391 /* Frameworks */ = {
			isa = PBXFrameworksBuildPhase;
			buildActionMask = 2147483647;
			files = (
			);
			runOnlyForDeploymentPostprocessing = 0;
		};
/* End PBXFrameworksBuildPhase section */
/* Begin PBXGroup section */
		ADCF10F76EBF2A74473E9DC4 = {
			isa = PBXGroup;
			children = (
				CF8D0BD4B75E8C2C174692A5 /* RoofTrace */,
				EEFE21A1443933CA4DE017DA /* RoofTraceTests */,
				00C45FD35CB0F9C5F764F070 /* Products */,
			);
			sourceTree = "<group>";
		};
		00C45FD35CB0F9C5F764F070 /* Products */ = {
			isa = PBXGroup;
			children = (
				B6CDB6E5D160E013280D3C68 /* RoofTrace.app */,
				A8D8270AA6DB8732282C9541 /* RoofTraceTests.xctest */,
			);
			name = Products;
			sourceTree = "<group>";
		};
		CF8D0BD4B75E8C2C174692A5 /* RoofTrace */ = {
			isa = PBXGroup;
			children = (
				AA33F1DB05B07E19FC3DDC4E /* AppEnvironment.swift */,
				6564762213BFC017744981BD /* RoofTraceApp.swift */,
				7539DD7BBACEAAF265F4CA40 /* AuthStore.swift */,
				BCF75E2E71EA68DBB7F726FF /* KeychainTokenStore.swift */,
				51127FB5226332ED6C82EFB9 /* TokenStoring.swift */,
				37DB38C7A63E4FABEC3367B7 /* Card.swift */,
				BBF6EEFFF3BBAF60E4C55E4E /* EmptyStateView.swift */,
				0DCFDECD672386B99303AE9A /* EyebrowLabel.swift */,
				C065F9257E0E3D51A49EE918 /* GhostButton.swift */,
				9B9F44A43034D3413E807C1C /* InlineErrorBlock.swift */,
				1E252A0EB0C396BAFA246777 /* JobRow.swift */,
				4F7FB5EEF5A30722D1C74E91 /* PrimaryButton.swift */,
				09C0F310E50636FB6582A771 /* ReportComponents.swift */,
				69BF912BCB90B4D70FB24DE9 /* ScreenHeader.swift */,
				FE1C7F82CAF5037DB12FC654 /* StatusIndicator.swift */,
				1967A04F22302578735D9A75 /* AppConfig.swift */,
				217164786AD10366286630C3 /* Color+Tokens.swift */,
				9334E8D7E2503A8420B8696E /* Modifiers.swift */,
				0F6C5CB2D970C2DE9AAFF1C3 /* Typography.swift */,
				42C8C871B35E325B6DFAED7A /* CaptureSessionManifest.swift */,
				3740EDC36EE13804BF021D25 /* CaptureSessionState.swift */,
				E4E596A0708CE57409959CFB /* MatrixSerializer.swift */,
				AB36C4710DFE602902BFD62B /* PromptLibrary.swift */,
				A5396CCE9EF4686689D1F257 /* AppRoute.swift */,
				4C15C7591C3BD2C5AEC69DC4 /* AppRouter.swift */,
				E5C9474007D7D6966C9664C2 /* JobRouting.swift */,
				D7E27C13361222CBD631189F /* APIClient.swift */,
				C0E10170F583D874B8D8E667 /* APIError.swift */,
				90792349195BD42A312BFDBF /* DTOs.swift */,
				EA54539BD277366D7FDD7444 /* Endpoint.swift */,
				C8A24671EE8E41938DD50F78 /* JobStatus.swift */,
				3FDF6C48D9649E08EAA43898 /* RoofExport.swift */,
				D096C3A0D34E885FEE5943D3 /* ARSessionManager.swift */,
				73736B24B2A96F7751B43C8F /* AddressCompleting.swift */,
				EE10FF40058E5FC8B955E18B /* BundleArchiver.swift */,
				9A87396C862616F8D1670F9C /* DepthMapEncoder.swift */,
				A24EAF2AD51B7BD29556619A /* GPSProvider.swift */,
				6F7D27751EC3173261DA1A22 /* LocationResolving.swift */,
				8A3EA9C6F23405F0A45FFF64 /* MeshExporter.swift */,
				FA5EB752ACDECFDF1E876A9C /* MultipartUploader.swift */,
				E3CBAC94A50C8D7DF1A011E3 /* TokenValidator.swift */,
				BC8BFBEAC61C2BF4FC857DA1 /* CaptureViewModel.swift */,
				D7BFAA06F0A0E443FA978534 /* CreateJobViewModel.swift */,
				6B1A10EE185362B59255CA4F /* JobListViewModel.swift */,
				BD44D72A0AD57FDDBDC5694C /* ReportViewModel.swift */,
				97A7C1F20955910D8C94B701 /* CapturePromptView.swift */,
				E99257C21C58121645FD6BB4 /* CreateJobView.swift */,
				CE16579CE046739ED61F0388 /* HomeView.swift */,
				4863B4602FDA1C727B484F92 /* JobListView.swift */,
				CF2C7335102BE9E39A0840BB /* LoginView.swift */,
				8C9EED7DBBC2FD1C44B0A0C6 /* ReportView.swift */,
				A3481889A124A5FA664C727D /* SetupCheckView.swift */,
				2CE0DA7469E5C4ECEE83257D /* TokenEntryView.swift */,
				A3281F0E007D3390DD41DA83 /* UploadProgressView.swift */,
				EFB6F3CDFC50E8A296F81CAE /* Assets.xcassets */,
				736D8AA21D3D54F6D0EEF8FA /* Archivo-ExtraBold.ttf */,
				6A3A4ABEA743D86C18CDB241 /* Inter-Bold.ttf */,
				A90299138719BB785A2EEAEE /* Inter-Medium.ttf */,
				737DF47A2715772706C556E1 /* Inter-Regular.ttf */,
				62D887ACB373DD3DBD5829AF /* Inter-SemiBold.ttf */,
				160DE646BDD97EA380B2C763 /* Debug.xcconfig */,
				59C6FCE456D3F882DB353970 /* Release.xcconfig */,
				EF54FF77A9760B8DFF640C90 /* Info.plist */,
			);
			path = RoofTrace;
			sourceTree = "<group>";
		};
		EEFE21A1443933CA4DE017DA /* RoofTraceTests */ = {
			isa = PBXGroup;
			children = (
				09EA3114B40881944D2D107B /* APIClientTests.swift */,
				38A5471BE07E26F3B857E459 /* AppRouterTests.swift */,
				D16EC3384CFFC37E1A2681A9 /* AuthStoreTests.swift */,
				4F90905F3C4CFD214096474C /* BundleArchiverTests.swift */,
				A0259D57A11D8D8F29FE20AA /* CaptureSessionStateTests.swift */,
				112F56E2DFC83EF160530135 /* CreateJobViewModelTests.swift */,
				5AD03A581CDF7584DC36DB2A /* DeepLinkGuardTests.swift */,
				E1081AFE93814D54E8D32DFF /* DepthMapEncoderTests.swift */,
				D0C6A9295895440FA716E35D /* Fakes.swift */,
				FFD76BEA3FD5966CB4912C3F /* FixtureParseTests.swift */,
				A12247764385E5C507446BF1 /* JobListRoutingTests.swift */,
				B40C69399523220ED57CD2A5 /* JobListViewModelTests.swift */,
				2262D9B529685749D32DD8E3 /* JobStatusDecodeTests.swift */,
				1B360DA83BCBDBF9CBC069A3 /* LoginViewModelTests.swift */,
				FC38F7676383A3E170AAC53F /* ManifestBuilderTests.swift */,
				AF73775F1B0A2C94AEC689D3 /* ManifestFixtures.swift */,
				B597D90D54C7656DD9627A07 /* ManifestSerializationTests.swift */,
				DEC4D47368B7663909B98A0D /* MatrixSerializerTests.swift */,
				AFEE14CA4CEA134F6844E9E2 /* MultipartEncoderTests.swift */,
				026DAC3B6C28F5A406A9454A /* PromptLibraryTests.swift */,
				26C79C43612301DF611F9D2A /* ReportViewModelTests.swift */,
				28A49AEADF350BACAC36F769 /* RoofExportTests.swift */,
				BA710D7F64EAE2B57384047E /* StatusIndicatorTests.swift */,
				04421F3D9DFF37F86E76F11C /* StubURLProtocol.swift */,
				0FE553C7B2935E72D77AFBD9 /* TokenValidationTests.swift */,
				46C90A1BED78E6565E73F71E /* UploadRetryTests.swift */,
				80394984718151D834701B72 /* session.json */,
				03F1EB6EFEBE36CF71EC5CCF /* sample.json */,
			);
			path = RoofTraceTests;
			sourceTree = "<group>";
		};
/* End PBXGroup section */
/* Begin PBXNativeTarget section */
		29C7B681C8D62CBAC94D51C0 /* RoofTrace */ = {
			isa = PBXNativeTarget;
			buildConfigurationList = AAAA7B42D5EEFC8ECE2F2B07 /* Build configuration list for PBXNativeTarget "RoofTrace" */;
			buildPhases = (
				36E4C60F34CB2466DC6BDA58 /* Sources */,
				93BB4C6412215F1E47C9FB18 /* Frameworks */,
				F65287315DC30187C4D14ABF /* Resources */,
			);
			buildRules = ();
			dependencies = ();
			name = RoofTrace;
			productName = RoofTrace;
			productReference = B6CDB6E5D160E013280D3C68 /* RoofTrace.app */;
			productType = "com.apple.product-type.application";
		};
		EA5815D3D83100CE3F564964 /* RoofTraceTests */ = {
			isa = PBXNativeTarget;
			buildConfigurationList = 92113AF3C8203317D84EE983 /* Build configuration list for PBXNativeTarget "RoofTraceTests" */;
			buildPhases = (
				2C102E8CF22B4EC8FACE2839 /* Sources */,
				749BDA757C8CFB9199930391 /* Frameworks */,
				EEBC67677E855552E750A5DD /* Resources */,
			);
			buildRules = ();
			dependencies = (
				2D53F397389A36F72120AC20 /* PBXTargetDependency */,
			);
			name = RoofTraceTests;
			productName = RoofTraceTests;
			productReference = A8D8270AA6DB8732282C9541 /* RoofTraceTests.xctest */;
			productType = "com.apple.product-type.bundle.unit-test";
		};
/* End PBXNativeTarget section */
/* Begin PBXProject section */
		B25CF16007ABAFF9D21D5A6C /* Project object */ = {
			isa = PBXProject;
			attributes = {
				LastSwiftUpdateCheck = 1600;
				LastUpgradeCheck = 1600;
				TargetAttributes = {
					29C7B681C8D62CBAC94D51C0 = {CreatedOnToolsVersion = 16.0;};
					EA5815D3D83100CE3F564964 = {CreatedOnToolsVersion = 16.0; TestTargetID = 29C7B681C8D62CBAC94D51C0;};
				};
			};
			buildConfigurationList = 9E86DAD1364ACE366C2567F2 /* Build configuration list for PBXProject "RoofTrace" */;
			compatibilityVersion = "Xcode 14.0";
			developmentRegion = en;
			hasScannedForEncodings = 0;
			knownRegions = (en, Base);
			mainGroup = ADCF10F76EBF2A74473E9DC4;
			productRefGroup = 00C45FD35CB0F9C5F764F070 /* Products */;
			projectDirPath = "";
			projectRoot = "";
			targets = (
				29C7B681C8D62CBAC94D51C0 /* RoofTrace */,
				EA5815D3D83100CE3F564964 /* RoofTraceTests */,
			);
		};
/* End PBXProject section */
/* Begin PBXResourcesBuildPhase section */
		F65287315DC30187C4D14ABF /* Resources */ = {
			isa = PBXResourcesBuildPhase;
			buildActionMask = 2147483647;
			files = (
				C0A64EE456F811A01432682C /* Assets.xcassets in Resources */,
				CA0A73676B9889F1F0CAD562 /* Archivo-ExtraBold.ttf in Resources */,
				270B13340C60993C3CDF2A5B /* Inter-Bold.ttf in Resources */,
				938FD964075296FFF1E416E3 /* Inter-Medium.ttf in Resources */,
				B16DBD056CFD165C2D096373 /* Inter-Regular.ttf in Resources */,
				795C3957A3EBE97F5BA882A7 /* Inter-SemiBold.ttf in Resources */,
			);
			runOnlyForDeploymentPostprocessing = 0;
		};
		EEBC67677E855552E750A5DD /* Resources */ = {
			isa = PBXResourcesBuildPhase;
			buildActionMask = 2147483647;
			files = (
				0C96F35CD56866637D12F123 /* session.json in Resources */,
				913998D908CB2D60BA341DB2 /* sample.json in Resources */,
			);
			runOnlyForDeploymentPostprocessing = 0;
		};
/* End PBXResourcesBuildPhase section */
/* Begin PBXSourcesBuildPhase section */
		36E4C60F34CB2466DC6BDA58 /* Sources */ = {
			isa = PBXSourcesBuildPhase;
			buildActionMask = 2147483647;
			files = (
				98D1D81DC92365D4DB8F5E30 /* AppEnvironment.swift in Sources */,
				6C0C47BE2F11E1A8B9B33E72 /* RoofTraceApp.swift in Sources */,
				9ED7C555B7D06A62A45341DF /* AuthStore.swift in Sources */,
				7BC8B0029422386C0863760A /* KeychainTokenStore.swift in Sources */,
				9AEB18524BE0ABC4BBD71F1E /* TokenStoring.swift in Sources */,
				7360576DB67191EDE25E52FE /* Card.swift in Sources */,
				FC28865F8EEE063FDE3BB360 /* EmptyStateView.swift in Sources */,
				10515B65A4ECF74D0F6725B9 /* EyebrowLabel.swift in Sources */,
				AFB3C6EBEBEF0413476A42CB /* GhostButton.swift in Sources */,
				321B7D1ECC7C70F11CC9FDF0 /* InlineErrorBlock.swift in Sources */,
				6B510B8060F31190BD1B2C5F /* JobRow.swift in Sources */,
				442750A3D28FFF31CD14CFE6 /* PrimaryButton.swift in Sources */,
				452E34E8F7316FC9309D9CAC /* ReportComponents.swift in Sources */,
				0BFE1CF26269F5FCDD355222 /* ScreenHeader.swift in Sources */,
				4C902CA2C5F3706ABE7E66B1 /* StatusIndicator.swift in Sources */,
				53DF5BC1AB6F1ED315C7B9E1 /* AppConfig.swift in Sources */,
				866F81583CE966ED1A6A9E01 /* Color+Tokens.swift in Sources */,
				126B9A69F6FA3066A4CFB2DA /* Modifiers.swift in Sources */,
				F21A8AE4C7ECB9265CF7C5FE /* Typography.swift in Sources */,
				CF324BB568B2150D980E4A43 /* CaptureSessionManifest.swift in Sources */,
				0F185EDFB499214010A4BB09 /* CaptureSessionState.swift in Sources */,
				C3C309444C27ABCA5D180D20 /* MatrixSerializer.swift in Sources */,
				7020023D7F32CD4D7F7A1FE7 /* PromptLibrary.swift in Sources */,
				4BEA6DE15D30528F27267EC8 /* AppRoute.swift in Sources */,
				7B15C3F2FE5A1FB8ADC4AAF0 /* AppRouter.swift in Sources */,
				AE825B86B04A9334B7A8D494 /* JobRouting.swift in Sources */,
				93EEF1E732634CA35B77827C /* APIClient.swift in Sources */,
				1C4F6FB979B24EAF59984331 /* APIError.swift in Sources */,
				59A08DDBDA0379C8D716EED8 /* DTOs.swift in Sources */,
				21697EA995777A31D6AFF81A /* Endpoint.swift in Sources */,
				C76E4B8B28BEFAF207850AC9 /* JobStatus.swift in Sources */,
				01961A498FEFC940D333A4AE /* RoofExport.swift in Sources */,
				500D8E376AAEFD69A7FA8B44 /* ARSessionManager.swift in Sources */,
				41038E1A0DDC7D99B899F476 /* AddressCompleting.swift in Sources */,
				906FF8F6182F944B524E166A /* BundleArchiver.swift in Sources */,
				F32777A446EB04AA963B7B98 /* DepthMapEncoder.swift in Sources */,
				F6D493F2BCCD5F5CA0920FF2 /* GPSProvider.swift in Sources */,
				51F6DBC65016DA04E1E5DA41 /* LocationResolving.swift in Sources */,
				B9C2205C4FEB5C19E3E6E94A /* MeshExporter.swift in Sources */,
				207C19DE14214E1B1E9EFD80 /* MultipartUploader.swift in Sources */,
				BC8F24534E57F437CFD19F27 /* TokenValidator.swift in Sources */,
				F9F10D40C4FC8ABCE48C0608 /* CaptureViewModel.swift in Sources */,
				4C25E228F4288649AEDE1162 /* CreateJobViewModel.swift in Sources */,
				6A976FC08AA5D72FAC9B5D28 /* JobListViewModel.swift in Sources */,
				0EB0F013519341189D56AC3E /* ReportViewModel.swift in Sources */,
				6213CD3168F9A35728622302 /* CapturePromptView.swift in Sources */,
				ED14371F802EED438C8EE540 /* CreateJobView.swift in Sources */,
				E37EF3BE20794155D63B738E /* HomeView.swift in Sources */,
				EE48071956B2963A3EFEC4F4 /* JobListView.swift in Sources */,
				19F8C2ED443B6D50F32B5BF0 /* LoginView.swift in Sources */,
				CF5845EE83E3C1771BE7B51D /* ReportView.swift in Sources */,
				5A126A13AB1BF5E7CDA772AA /* SetupCheckView.swift in Sources */,
				41C031D892E77B096F133448 /* TokenEntryView.swift in Sources */,
				0A74D7B13A5483968E7B520E /* UploadProgressView.swift in Sources */,
			);
			runOnlyForDeploymentPostprocessing = 0;
		};
		2C102E8CF22B4EC8FACE2839 /* Sources */ = {
			isa = PBXSourcesBuildPhase;
			buildActionMask = 2147483647;
			files = (
				9DF9922B13927544AFB2A467 /* APIClientTests.swift in Sources */,
				97A713CA689DF019011B5021 /* AppRouterTests.swift in Sources */,
				3AB69F891EA9BB030370EE04 /* AuthStoreTests.swift in Sources */,
				18975CED0EA48DD0F2B09709 /* BundleArchiverTests.swift in Sources */,
				881372AA4526CF6039B0FAA5 /* CaptureSessionStateTests.swift in Sources */,
				5AAD287F84A26545BA59C068 /* CreateJobViewModelTests.swift in Sources */,
				B77D2F7B9B5DE4310DFA0AA9 /* DeepLinkGuardTests.swift in Sources */,
				885E6D6911AA08719783C1B0 /* DepthMapEncoderTests.swift in Sources */,
				B5799A9BFEA00EF18100B3F9 /* Fakes.swift in Sources */,
				804BF0DDCA65D749689B08FA /* FixtureParseTests.swift in Sources */,
				6DBCD8AD5A09F292419BE38D /* JobListRoutingTests.swift in Sources */,
				D606C8E0F293EAAA0A9A8BD2 /* JobListViewModelTests.swift in Sources */,
				7F7596C93CBB95B3CE1A133B /* JobStatusDecodeTests.swift in Sources */,
				694344CAB32B53030B772219 /* LoginViewModelTests.swift in Sources */,
				D498057592971F16289E0931 /* ManifestBuilderTests.swift in Sources */,
				C3AAF3C55BC1394CA687B98F /* ManifestFixtures.swift in Sources */,
				91AF5C5D73B6D284406E54DA /* ManifestSerializationTests.swift in Sources */,
				8961C8144F0E087701A7094E /* MatrixSerializerTests.swift in Sources */,
				8864685FFDB33D66131EA1E2 /* MultipartEncoderTests.swift in Sources */,
				4D01DD6358C3DE43AA319EBD /* PromptLibraryTests.swift in Sources */,
				8F11295B43EDED7DA30FC8D7 /* ReportViewModelTests.swift in Sources */,
				76F915B9D6DBE4EEB1F81B7E /* RoofExportTests.swift in Sources */,
				833195E428E4F8A3DDA5F6D6 /* StatusIndicatorTests.swift in Sources */,
				32063FD917302B67ABCD78E9 /* StubURLProtocol.swift in Sources */,
				0FC25AF2505E10B5852BBCD3 /* TokenValidationTests.swift in Sources */,
				26CDD08516EB7038B331C2BC /* UploadRetryTests.swift in Sources */,
			);
			runOnlyForDeploymentPostprocessing = 0;
		};
/* End PBXSourcesBuildPhase section */
/* Begin PBXTargetDependency section */
		2D53F397389A36F72120AC20 /* PBXTargetDependency */ = {
			isa = PBXTargetDependency;
			target = 29C7B681C8D62CBAC94D51C0 /* RoofTrace */;
			targetProxy = D0A96A15E1CA7ACF5A1EB5AF /* PBXContainerItemProxy */;
		};
/* End PBXTargetDependency section */
/* Begin XCBuildConfiguration section */
		62C0502E9DD2F4A0E153A290 /* Debug */ = {
			isa = XCBuildConfiguration;
			baseConfigurationReference = 160DE646BDD97EA380B2C763;
			buildSettings = {
				ALWAYS_SEARCH_USER_PATHS = NO;
				CLANG_ENABLE_MODULES = YES;
				CLANG_ENABLE_OBJC_ARC = YES;
				ENABLE_STRICT_OBJC_MSGSEND = YES;
				GCC_NO_COMMON_BLOCKS = YES;
				IPHONEOS_DEPLOYMENT_TARGET = 17.0;
				SDKROOT = iphoneos;
				SWIFT_VERSION = 5.0;
				ONLY_ACTIVE_ARCH = YES;
				ENABLE_TESTABILITY = YES;
				SWIFT_ACTIVE_COMPILATION_CONDITIONS = DEBUG;
				SWIFT_OPTIMIZATION_LEVEL = "-Onone";
				GCC_PREPROCESSOR_DEFINITIONS = ("DEBUG=1", "$(inherited)");
				DEBUG_INFORMATION_FORMAT = dwarf;
			};
			name = Debug;
		};
		A1076DB52F6D567F23A74575 /* Release */ = {
			isa = XCBuildConfiguration;
			baseConfigurationReference = 59C6FCE456D3F882DB353970;
			buildSettings = {
				ALWAYS_SEARCH_USER_PATHS = NO;
				CLANG_ENABLE_MODULES = YES;
				CLANG_ENABLE_OBJC_ARC = YES;
				ENABLE_STRICT_OBJC_MSGSEND = YES;
				GCC_NO_COMMON_BLOCKS = YES;
				IPHONEOS_DEPLOYMENT_TARGET = 17.0;
				SDKROOT = iphoneos;
				SWIFT_VERSION = 5.0;
				SWIFT_OPTIMIZATION_LEVEL = "-O";
				DEBUG_INFORMATION_FORMAT = "dwarf-with-dsym";
				VALIDATE_PRODUCT = YES;
			};
			name = Release;
		};
		754064D2901B6752E802BA06 /* Debug */ = {
			isa = XCBuildConfiguration;
			buildSettings = {
				ASSETCATALOG_COMPILER_APPICON_NAME = AppIcon;
				CODE_SIGN_STYLE = Automatic;
				CURRENT_PROJECT_VERSION = 1;
				GENERATE_INFOPLIST_FILE = NO;
				INFOPLIST_FILE = "RoofTrace/Info.plist";
				IPHONEOS_DEPLOYMENT_TARGET = 17.0;
				LD_RUNPATH_SEARCH_PATHS = ("$(inherited)", "@executable_path/Frameworks");
				MARKETING_VERSION = 1.0.0;
				PRODUCT_BUNDLE_IDENTIFIER = "dev.biograph.rooftrace";
				PRODUCT_NAME = "$(TARGET_NAME)";
				SWIFT_EMIT_LOC_STRINGS = YES;
				SWIFT_VERSION = 5.0;
				TARGETED_DEVICE_FAMILY = "1,2";
			};
			name = Debug;
		};
		831F0B0E7AD0243B76867D45 /* Release */ = {
			isa = XCBuildConfiguration;
			buildSettings = {
				ASSETCATALOG_COMPILER_APPICON_NAME = AppIcon;
				CODE_SIGN_STYLE = Automatic;
				CURRENT_PROJECT_VERSION = 1;
				GENERATE_INFOPLIST_FILE = NO;
				INFOPLIST_FILE = "RoofTrace/Info.plist";
				IPHONEOS_DEPLOYMENT_TARGET = 17.0;
				LD_RUNPATH_SEARCH_PATHS = ("$(inherited)", "@executable_path/Frameworks");
				MARKETING_VERSION = 1.0.0;
				PRODUCT_BUNDLE_IDENTIFIER = "dev.biograph.rooftrace";
				PRODUCT_NAME = "$(TARGET_NAME)";
				SWIFT_EMIT_LOC_STRINGS = YES;
				SWIFT_VERSION = 5.0;
				TARGETED_DEVICE_FAMILY = "1,2";
			};
			name = Release;
		};
		E8A7D59B347239969BCF4442 /* Debug */ = {
			isa = XCBuildConfiguration;
			buildSettings = {
				BUNDLE_LOADER = "$(TEST_HOST)";
				CODE_SIGN_STYLE = Automatic;
				CURRENT_PROJECT_VERSION = 1;
				GENERATE_INFOPLIST_FILE = YES;
				IPHONEOS_DEPLOYMENT_TARGET = 17.0;
				MARKETING_VERSION = 1.0.0;
				PRODUCT_BUNDLE_IDENTIFIER = "dev.biograph.rooftrace.tests";
				PRODUCT_NAME = "$(TARGET_NAME)";
				SWIFT_EMIT_LOC_STRINGS = NO;
				SWIFT_VERSION = 5.0;
				TARGETED_DEVICE_FAMILY = "1,2";
				TEST_HOST = "$(BUILT_PRODUCTS_DIR)/RoofTrace.app/$(BUNDLE_EXECUTABLE_FOLDER_PATH)/RoofTrace";
			};
			name = Debug;
		};
		FB77EFCD69769151259EA1DF /* Release */ = {
			isa = XCBuildConfiguration;
			buildSettings = {
				BUNDLE_LOADER = "$(TEST_HOST)";
				CODE_SIGN_STYLE = Automatic;
				CURRENT_PROJECT_VERSION = 1;
				GENERATE_INFOPLIST_FILE = YES;
				IPHONEOS_DEPLOYMENT_TARGET = 17.0;
				MARKETING_VERSION = 1.0.0;
				PRODUCT_BUNDLE_IDENTIFIER = "dev.biograph.rooftrace.tests";
				PRODUCT_NAME = "$(TARGET_NAME)";
				SWIFT_EMIT_LOC_STRINGS = NO;
				SWIFT_VERSION = 5.0;
				TARGETED_DEVICE_FAMILY = "1,2";
				TEST_HOST = "$(BUILT_PRODUCTS_DIR)/RoofTrace.app/$(BUNDLE_EXECUTABLE_FOLDER_PATH)/RoofTrace";
			};
			name = Release;
		};
/* End XCBuildConfiguration section */
/* Begin XCConfigurationList section */
		9E86DAD1364ACE366C2567F2 /* Build configuration list for PBXProject "RoofTrace" */ = {
			isa = XCConfigurationList;
			buildConfigurations = (
				62C0502E9DD2F4A0E153A290 /* Debug */,
				A1076DB52F6D567F23A74575 /* Release */,
			);
			defaultConfigurationIsVisible = 0;
			defaultConfigurationName = Release;
		};
		AAAA7B42D5EEFC8ECE2F2B07 /* Build configuration list for PBXNativeTarget "RoofTrace" */ = {
			isa = XCConfigurationList;
			buildConfigurations = (
				754064D2901B6752E802BA06 /* Debug */,
				831F0B0E7AD0243B76867D45 /* Release */,
			);
			defaultConfigurationIsVisible = 0;
			defaultConfigurationName = Release;
		};
		92113AF3C8203317D84EE983 /* Build configuration list for PBXNativeTarget "RoofTraceTests" */ = {
			isa = XCConfigurationList;
			buildConfigurations = (
				E8A7D59B347239969BCF4442 /* Debug */,
				FB77EFCD69769151259EA1DF /* Release */,
			);
			defaultConfigurationIsVisible = 0;
			defaultConfigurationName = Release;
		};
/* End XCConfigurationList section */
	};
	rootObject = B25CF16007ABAFF9D21D5A6C /* Project object */;
}
